// !$*UTF8*$!
{
	archiveVersion = 1;
	classes = {
	};
	objectVersion = 51;
	objects = {

/* Begin PBXBuildFile section */
		2A0DB6B823992A9800257C03 /* exportOptionsstable.plist in Resources */ = {isa = PBXBuildFile; fileRef = 2A0DB6B723992A9800257C03 /* exportOptionsstable.plist */; };
		2AB5BDA32396A33B005FDB10 /* GeneratedPluginRegistrant.m in Sources */ = {isa = PBXBuildFile; fileRef = 2AB5BDA22396A33B005FDB10 /* GeneratedPluginRegistrant.m */; };
		374E43D3FB49E295AE9799DD /* Pods_Runner.framework in Frameworks */ = {isa = PBXBuildFile; fileRef = 899B7188477F2A02FA10829E /* Pods_Runner.framework */; };
		3B3967161E833CAA004F5970 /* AppFrameworkInfo.plist in Resources */ = {isa = PBXBuildFile; fileRef = 3B3967151E833CAA004F5970 /* AppFrameworkInfo.plist */; };
		6490EEC8246BCAC500B5E428 /* Sharing.swift in Sources */ = {isa = PBXBuildFile; fileRef = 6490EEC7246BCAC500B5E428 /* Sharing.swift */; };
		649470442445BCF800239B7B /* .gitlab-ci.yml in Resources */ = {isa = PBXBuildFile; fileRef = 649470432445BCF800239B7B /* .gitlab-ci.yml */; };
		64B6D5B22449CC38001C73DE /* ShareViewController.swift in Sources */ = {isa = PBXBuildFile; fileRef = 64B6D5B12449CC38001C73DE /* ShareViewController.swift */; };
		64B6D5B52449CC38001C73DE /* MainInterface.storyboard in Resources */ = {isa = PBXBuildFile; fileRef = 64B6D5B32449CC38001C73DE /* MainInterface.storyboard */; };
		64B6D5B92449CC38001C73DE /* CoiSharing.appex in Embed App Extensions */ = {isa = PBXBuildFile; fileRef = 64B6D5AF2449CC38001C73DE /* CoiSharing.appex */; settings = {ATTRIBUTES = (RemoveHeadersOnCopy, ); }; };
		7E655F52459F699C423A9A47 /* Pods_NotificationService.framework in Frameworks */ = {isa = PBXBuildFile; fileRef = 1BD1DAE490FC79A5BFE85464 /* Pods_NotificationService.framework */; };
		97C146FC1CF9000F007C117D /* Main.storyboard in Resources */ = {isa = PBXBuildFile; fileRef = 97C146FA1CF9000F007C117D /* Main.storyboard */; };
		97C146FE1CF9000F007C117D /* Assets.xcassets in Resources */ = {isa = PBXBuildFile; fileRef = 97C146FD1CF9000F007C117D /* Assets.xcassets */; };
		97C147011CF9000F007C117D /* LaunchScreen.storyboard in Resources */ = {isa = PBXBuildFile; fileRef = 97C146FF1CF9000F007C117D /* LaunchScreen.storyboard */; };
		FD0FBDFE24729708002B5EB5 /* NotificationService.swift in Sources */ = {isa = PBXBuildFile; fileRef = FD0FBDFD24729708002B5EB5 /* NotificationService.swift */; };
		FD0FBE0224729708002B5EB5 /* NotificationService.appex in Embed App Extensions */ = {isa = PBXBuildFile; fileRef = FD0FBDFB24729708002B5EB5 /* NotificationService.appex */; settings = {ATTRIBUTES = (RemoveHeadersOnCopy, ); }; };
		FD0FBE0D2472B4AF002B5EB5 /* AppDelegate+Security.swift in Sources */ = {isa = PBXBuildFile; fileRef = FD0FBE0C2472B4AF002B5EB5 /* AppDelegate+Security.swift */; };
		FD0FBE122472B619002B5EB5 /* MethodChannel.swift in Sources */ = {isa = PBXBuildFile; fileRef = FD0FBE112472B619002B5EB5 /* MethodChannel.swift */; };
		FD139C3D23FFF55700E891D5 /* UserDefaults+Extension.swift in Sources */ = {isa = PBXBuildFile; fileRef = FD139C3C23FFF55700E891D5 /* UserDefaults+Extension.swift */; };
		FD2D3A5523E09F900070F327 /* UIApplication+Firebase.swift in Sources */ = {isa = PBXBuildFile; fileRef = FD2D3A5423E09F900070F327 /* UIApplication+Firebase.swift */; };
		FD2D3A5723E0B1360070F327 /* GoogleService-Info-Production.plist in Resources */ = {isa = PBXBuildFile; fileRef = FD2D3A5623E0B1360070F327 /* GoogleService-Info-Production.plist */; };
		FD2E2E22231FFEBB00ADF5C5 /* AppDelegate.swift in Sources */ = {isa = PBXBuildFile; fileRef = FD2E2E21231FFEBB00ADF5C5 /* AppDelegate.swift */; };
		FD2FD6F323E099F900B39EA2 /* GoogleService-Info-Development.plist in Resources */ = {isa = PBXBuildFile; fileRef = FD2FD6F223E099F900B39EA2 /* GoogleService-Info-Development.plist */; };
		FD51737323266F05007458CC /* .swiftlint.yml in Resources */ = {isa = PBXBuildFile; fileRef = FD51737223266F04007458CC /* .swiftlint.yml */; };
		FD51737623267295007458CC /* UIApplication+Logging.swift in Sources */ = {isa = PBXBuildFile; fileRef = FD51737523267295007458CC /* UIApplication+Logging.swift */; };
		FD5485E3247EB2810012FB26 /* MethodChannel.swift in Sources */ = {isa = PBXBuildFile; fileRef = FD0FBE112472B619002B5EB5 /* MethodChannel.swift */; };
		FD5485E7247EB9610012FB26 /* String+Base64.swift in Sources */ = {isa = PBXBuildFile; fileRef = FD5485E6247EB9610012FB26 /* String+Base64.swift */; };
		FD5F8B06236AEA7500E05845 /* InfoPlist.strings in Resources */ = {isa = PBXBuildFile; fileRef = FD5F8B08236AEA7500E05845 /* InfoPlist.strings */; };
		FD64C8802486D29D0047B348 /* SecurityHelper.swift in Sources */ = {isa = PBXBuildFile; fileRef = FD64C87F2486D29D0047B348 /* SecurityHelper.swift */; };
		FD64C8812486D29D0047B348 /* SecurityHelper.swift in Sources */ = {isa = PBXBuildFile; fileRef = FD64C87F2486D29D0047B348 /* SecurityHelper.swift */; };
		FD961FB223D73ADC00AD0D90 /* AppDelegate+Sharing.swift in Sources */ = {isa = PBXBuildFile; fileRef = FD961FB123D73ADC00AD0D90 /* AppDelegate+Sharing.swift */; };
		FDC49D33246D4E1F00FDF561 /* Sharing.swift in Sources */ = {isa = PBXBuildFile; fileRef = 6490EEC7246BCAC500B5E428 /* Sharing.swift */; };
/* End PBXBuildFile section */

/* Begin PBXContainerItemProxy section */
		64B6D5B72449CC38001C73DE /* PBXContainerItemProxy */ = {
			isa = PBXContainerItemProxy;
			containerPortal = 97C146E61CF9000F007C117D /* Project object */;
			proxyType = 1;
			remoteGlobalIDString = 64B6D5AE2449CC38001C73DE;
			remoteInfo = CoiSharing;
		};
		FD0FBE0024729708002B5EB5 /* PBXContainerItemProxy */ = {
			isa = PBXContainerItemProxy;
			containerPortal = 97C146E61CF9000F007C117D /* Project object */;
			proxyType = 1;
			remoteGlobalIDString = FD0FBDFA24729708002B5EB5;
			remoteInfo = NotificationService;
		};
/* End PBXContainerItemProxy section */

/* Begin PBXCopyFilesBuildPhase section */
		64B6D5BA2449CC38001C73DE /* Embed App Extensions */ = {
			isa = PBXCopyFilesBuildPhase;
			buildActionMask = 2147483647;
			dstPath = "";
			dstSubfolderSpec = 13;
			files = (
				64B6D5B92449CC38001C73DE /* CoiSharing.appex in Embed App Extensions */,
				FD0FBE0224729708002B5EB5 /* NotificationService.appex in Embed App Extensions */,
			);
			name = "Embed App Extensions";
			runOnlyForDeploymentPostprocessing = 0;
		};
		9705A1C41CF9048500538489 /* Embed Frameworks */ = {
			isa = PBXCopyFilesBuildPhase;
			buildActionMask = 2147483647;
			dstPath = "";
			dstSubfolderSpec = 10;
			files = (
			);
			name = "Embed Frameworks";
			runOnlyForDeploymentPostprocessing = 0;
		};
/* End PBXCopyFilesBuildPhase section */

/* Begin PBXFileReference section */
		125F4957EFC6D57D2B18CDF8 /* Pods-Runner.release-development.xcconfig */ = {isa = PBXFileReference; includeInIndex = 1; lastKnownFileType = text.xcconfig; name = "Pods-Runner.release-development.xcconfig"; path = "Target Support Files/Pods-Runner/Pods-Runner.release-development.xcconfig"; sourceTree = "<group>"; };
		1BD1DAE490FC79A5BFE85464 /* Pods_NotificationService.framework */ = {isa = PBXFileReference; explicitFileType = wrapper.framework; includeInIndex = 0; path = Pods_NotificationService.framework; sourceTree = BUILT_PRODUCTS_DIR; };
		2421A2112375966400BBE6C8 /* Release-stable.xcconfig */ = {isa = PBXFileReference; fileEncoding = 4; lastKnownFileType = text.xcconfig; name = "Release-stable.xcconfig"; path = "Flutter/Release-stable.xcconfig"; sourceTree = "<group>"; };
		2421A2132375A7CE00BBE6C8 /* Debug-development.xcconfig */ = {isa = PBXFileReference; fileEncoding = 4; lastKnownFileType = text.xcconfig; name = "Debug-development.xcconfig"; path = "Flutter/Debug-development.xcconfig"; sourceTree = "<group>"; };
		242D004E2370336900491A66 /* exportOptionsdevelopment.plist */ = {isa = PBXFileReference; lastKnownFileType = text.plist.xml; name = exportOptionsdevelopment.plist; path = ../exportOptionsdevelopment.plist; sourceTree = "<group>"; };
		24DD530523214B20005ED412 /* Runner.entitlements */ = {isa = PBXFileReference; lastKnownFileType = text.plist.entitlements; path = Runner.entitlements; sourceTree = "<group>"; };
		2A0DB6B723992A9800257C03 /* exportOptionsstable.plist */ = {isa = PBXFileReference; lastKnownFileType = text.plist.xml; path = exportOptionsstable.plist; sourceTree = SOURCE_ROOT; };
		2AB5BDA12396A33B005FDB10 /* GeneratedPluginRegistrant.h */ = {isa = PBXFileReference; fileEncoding = 4; lastKnownFileType = sourcecode.c.h; name = GeneratedPluginRegistrant.h; path = ../../Runner/GeneratedPluginRegistrant.h; sourceTree = "<group>"; };
		2AB5BDA22396A33B005FDB10 /* GeneratedPluginRegistrant.m */ = {isa = PBXFileReference; fileEncoding = 4; lastKnownFileType = sourcecode.c.objc; name = GeneratedPluginRegistrant.m; path = ../../Runner/GeneratedPluginRegistrant.m; sourceTree = "<group>"; };
		3B3967151E833CAA004F5970 /* AppFrameworkInfo.plist */ = {isa = PBXFileReference; fileEncoding = 4; lastKnownFileType = text.plist.xml; name = AppFrameworkInfo.plist; path = Flutter/AppFrameworkInfo.plist; sourceTree = "<group>"; };
		646BAA6623D890B7004295B1 /* cs-CZ */ = {isa = PBXFileReference; lastKnownFileType = text.plist.strings; name = "cs-CZ"; path = "cs-CZ.lproj/InfoPlist.strings"; sourceTree = "<group>"; };
		646BAA6723D890D8004295B1 /* da-DK */ = {isa = PBXFileReference; lastKnownFileType = text.plist.strings; name = "da-DK"; path = "da-DK.lproj/InfoPlist.strings"; sourceTree = "<group>"; };
		646BAA6823D89139004295B1 /* en-US */ = {isa = PBXFileReference; lastKnownFileType = text.plist.strings; name = "en-US"; path = "en-US.lproj/InfoPlist.strings"; sourceTree = "<group>"; };
		646BAA6923D89182004295B1 /* es-MX */ = {isa = PBXFileReference; lastKnownFileType = text.plist.strings; name = "es-MX"; path = "es-MX.lproj/InfoPlist.strings"; sourceTree = "<group>"; };
		646BAA6A23D891A1004295B1 /* fi-FI */ = {isa = PBXFileReference; lastKnownFileType = text.plist.strings; name = "fi-FI"; path = "fi-FI.lproj/InfoPlist.strings"; sourceTree = "<group>"; };
		646BAA6B23D891B6004295B1 /* fr-CA */ = {isa = PBXFileReference; lastKnownFileType = text.plist.strings; name = "fr-CA"; path = "fr-CA.lproj/InfoPlist.strings"; sourceTree = "<group>"; };
		646BAA6C23D891D2004295B1 /* hu-HU */ = {isa = PBXFileReference; lastKnownFileType = text.plist.strings; name = "hu-HU"; path = "hu-HU.lproj/InfoPlist.strings"; sourceTree = "<group>"; };
		646BAA6D23D891F7004295B1 /* ja-JP */ = {isa = PBXFileReference; lastKnownFileType = text.plist.strings; name = "ja-JP"; path = "ja-JP.lproj/InfoPlist.strings"; sourceTree = "<group>"; };
		646BAA6E23D89220004295B1 /* lv-LV */ = {isa = PBXFileReference; lastKnownFileType = text.plist.strings; name = "lv-LV"; path = "lv-LV.lproj/InfoPlist.strings"; sourceTree = "<group>"; };
		646BAA6F23D89267004295B1 /* nl-NL */ = {isa = PBXFileReference; lastKnownFileType = text.plist.strings; name = "nl-NL"; path = "nl-NL.lproj/InfoPlist.strings"; sourceTree = "<group>"; };
		646BAA7023D892A9004295B1 /* pl-PL */ = {isa = PBXFileReference; lastKnownFileType = text.plist.strings; name = "pl-PL"; path = "pl-PL.lproj/InfoPlist.strings"; sourceTree = "<group>"; };
		646BAA7123D89333004295B1 /* pt */ = {isa = PBXFileReference; lastKnownFileType = text.plist.strings; name = pt; path = pt.lproj/InfoPlist.strings; sourceTree = "<group>"; };
		646BAA7223D8935C004295B1 /* ro-RO */ = {isa = PBXFileReference; lastKnownFileType = text.plist.strings; name = "ro-RO"; path = "ro-RO.lproj/InfoPlist.strings"; sourceTree = "<group>"; };
		646BAA7323D8937A004295B1 /* ru-RU */ = {isa = PBXFileReference; lastKnownFileType = text.plist.strings; name = "ru-RU"; path = "ru-RU.lproj/InfoPlist.strings"; sourceTree = "<group>"; };
		646BAA7423D893AE004295B1 /* sk-SK */ = {isa = PBXFileReference; lastKnownFileType = text.plist.strings; name = "sk-SK"; path = "sk-SK.lproj/InfoPlist.strings"; sourceTree = "<group>"; };
		646BAA7523D893CB004295B1 /* sv-SE */ = {isa = PBXFileReference; lastKnownFileType = text.plist.strings; name = "sv-SE"; path = "sv-SE.lproj/InfoPlist.strings"; sourceTree = "<group>"; };
		646BAA7623D894B2004295B1 /* zh-Hant-CN */ = {isa = PBXFileReference; lastKnownFileType = text.plist.strings; name = "zh-Hant-CN"; path = "zh-Hant-CN.lproj/InfoPlist.strings"; sourceTree = "<group>"; };
		646BAA7723D894C7004295B1 /* zh-Hant-TW */ = {isa = PBXFileReference; lastKnownFileType = text.plist.strings; name = "zh-Hant-TW"; path = "zh-Hant-TW.lproj/InfoPlist.strings"; sourceTree = "<group>"; };
		6490EEC7246BCAC500B5E428 /* Sharing.swift */ = {isa = PBXFileReference; lastKnownFileType = sourcecode.swift; path = Sharing.swift; sourceTree = "<group>"; };
		649470432445BCF800239B7B /* .gitlab-ci.yml */ = {isa = PBXFileReference; fileEncoding = 4; lastKnownFileType = text.yaml; name = ".gitlab-ci.yml"; path = "../.gitlab-ci.yml"; sourceTree = "<group>"; };
		64B6D5AF2449CC38001C73DE /* CoiSharing.appex */ = {isa = PBXFileReference; explicitFileType = "wrapper.app-extension"; includeInIndex = 0; path = CoiSharing.appex; sourceTree = BUILT_PRODUCTS_DIR; };
		64B6D5B12449CC38001C73DE /* ShareViewController.swift */ = {isa = PBXFileReference; lastKnownFileType = sourcecode.swift; path = ShareViewController.swift; sourceTree = "<group>"; };
		64B6D5B42449CC38001C73DE /* Base */ = {isa = PBXFileReference; lastKnownFileType = file.storyboard; name = Base; path = Base.lproj/MainInterface.storyboard; sourceTree = "<group>"; };
		64B6D5B62449CC38001C73DE /* Info.plist */ = {isa = PBXFileReference; lastKnownFileType = text.plist.xml; path = Info.plist; sourceTree = "<group>"; };
		64B6D5BF2449CC7A001C73DE /* CoiSharingRelease-development.entitlements */ = {isa = PBXFileReference; lastKnownFileType = text.plist.entitlements; path = "CoiSharingRelease-development.entitlements"; sourceTree = "<group>"; };
		64B6D5C02449CCEC001C73DE /* RunnerRelease-development.entitlements */ = {isa = PBXFileReference; lastKnownFileType = text.plist.entitlements; name = "RunnerRelease-development.entitlements"; path = "Runner/RunnerRelease-development.entitlements"; sourceTree = "<group>"; };
		64FF8CC7244D8CFE00E7634D /* CoiSharingDebug-development.entitlements */ = {isa = PBXFileReference; lastKnownFileType = text.plist.entitlements; path = "CoiSharingDebug-development.entitlements"; sourceTree = "<group>"; };
		64FF8CC8244D8D8300E7634D /* RunnerDebug-development.entitlements */ = {isa = PBXFileReference; lastKnownFileType = text.plist.entitlements; name = "RunnerDebug-development.entitlements"; path = "Runner/RunnerDebug-development.entitlements"; sourceTree = "<group>"; };
		6F6BA9A235C8C854C6105BBB /* Pods-Runner.release.xcconfig */ = {isa = PBXFileReference; includeInIndex = 1; lastKnownFileType = text.xcconfig; name = "Pods-Runner.release.xcconfig"; path = "Target Support Files/Pods-Runner/Pods-Runner.release.xcconfig"; sourceTree = "<group>"; };
		81A3BCC8525B6F2D0510F16F /* Pods-Runner.stable.xcconfig */ = {isa = PBXFileReference; includeInIndex = 1; lastKnownFileType = text.xcconfig; name = "Pods-Runner.stable.xcconfig"; path = "Target Support Files/Pods-Runner/Pods-Runner.stable.xcconfig"; sourceTree = "<group>"; };
		899B7188477F2A02FA10829E /* Pods_Runner.framework */ = {isa = PBXFileReference; explicitFileType = wrapper.framework; includeInIndex = 0; path = Pods_Runner.framework; sourceTree = BUILT_PRODUCTS_DIR; };
		9740EEB31CF90195004384FC /* Generated.xcconfig */ = {isa = PBXFileReference; fileEncoding = 4; lastKnownFileType = text.xcconfig; name = Generated.xcconfig; path = Flutter/Generated.xcconfig; sourceTree = "<group>"; };
		97C146EE1CF9000F007C117D /* Runner.app */ = {isa = PBXFileReference; explicitFileType = wrapper.application; includeInIndex = 0; path = Runner.app; sourceTree = BUILT_PRODUCTS_DIR; };
		97C146FB1CF9000F007C117D /* Base */ = {isa = PBXFileReference; lastKnownFileType = file.storyboard; name = Base; path = Base.lproj/Main.storyboard; sourceTree = "<group>"; };
		97C146FD1CF9000F007C117D /* Assets.xcassets */ = {isa = PBXFileReference; lastKnownFileType = folder.assetcatalog; path = Assets.xcassets; sourceTree = "<group>"; };
		97C147001CF9000F007C117D /* Base */ = {isa = PBXFileReference; lastKnownFileType = file.storyboard; name = Base; path = Base.lproj/LaunchScreen.storyboard; sourceTree = "<group>"; };
		97C147021CF9000F007C117D /* Info.plist */ = {isa = PBXFileReference; lastKnownFileType = text.plist.xml; path = Info.plist; sourceTree = "<group>"; };
		9810C5C2A61932B256D32535 /* Pods-Runner.debug.xcconfig */ = {isa = PBXFileReference; includeInIndex = 1; lastKnownFileType = text.xcconfig; name = "Pods-Runner.debug.xcconfig"; path = "Target Support Files/Pods-Runner/Pods-Runner.debug.xcconfig"; sourceTree = "<group>"; };
		A12B80A93EA4641880AFD3D0 /* Pods-NotificationService.release-stable.xcconfig */ = {isa = PBXFileReference; includeInIndex = 1; lastKnownFileType = text.xcconfig; name = "Pods-NotificationService.release-stable.xcconfig"; path = "Target Support Files/Pods-NotificationService/Pods-NotificationService.release-stable.xcconfig"; sourceTree = "<group>"; };
		AE7959C2D0CF25C3DA63C8A5 /* Pods-Runner.development.xcconfig */ = {isa = PBXFileReference; includeInIndex = 1; lastKnownFileType = text.xcconfig; name = "Pods-Runner.development.xcconfig"; path = "Target Support Files/Pods-Runner/Pods-Runner.development.xcconfig"; sourceTree = "<group>"; };
		B7774FABB905B849FEB3BEF5 /* Pods-NotificationService.release-development.xcconfig */ = {isa = PBXFileReference; includeInIndex = 1; lastKnownFileType = text.xcconfig; name = "Pods-NotificationService.release-development.xcconfig"; path = "Target Support Files/Pods-NotificationService/Pods-NotificationService.release-development.xcconfig"; sourceTree = "<group>"; };
		DD35EBF3BB1F487852F715F9 /* Pods-NotificationService.debug-development.xcconfig */ = {isa = PBXFileReference; includeInIndex = 1; lastKnownFileType = text.xcconfig; name = "Pods-NotificationService.debug-development.xcconfig"; path = "Target Support Files/Pods-NotificationService/Pods-NotificationService.debug-development.xcconfig"; sourceTree = "<group>"; };
		DD93F73C7246AEDD7418AB12 /* Pods-Runner.debug-stable.xcconfig */ = {isa = PBXFileReference; includeInIndex = 1; lastKnownFileType = text.xcconfig; name = "Pods-Runner.debug-stable.xcconfig"; path = "Target Support Files/Pods-Runner/Pods-Runner.debug-stable.xcconfig"; sourceTree = "<group>"; };
		F41DB3006AA42C6AFAF21669 /* Pods-Runner.release-stable.xcconfig */ = {isa = PBXFileReference; includeInIndex = 1; lastKnownFileType = text.xcconfig; name = "Pods-Runner.release-stable.xcconfig"; path = "Target Support Files/Pods-Runner/Pods-Runner.release-stable.xcconfig"; sourceTree = "<group>"; };
		F90D6A58DFAD88989F0B373D /* Pods-Runner.debug-development.xcconfig */ = {isa = PBXFileReference; includeInIndex = 1; lastKnownFileType = text.xcconfig; name = "Pods-Runner.debug-development.xcconfig"; path = "Target Support Files/Pods-Runner/Pods-Runner.debug-development.xcconfig"; sourceTree = "<group>"; };
		FD0FBDFB24729708002B5EB5 /* NotificationService.appex */ = {isa = PBXFileReference; explicitFileType = "wrapper.app-extension"; includeInIndex = 0; path = NotificationService.appex; sourceTree = BUILT_PRODUCTS_DIR; };
		FD0FBDFD24729708002B5EB5 /* NotificationService.swift */ = {isa = PBXFileReference; lastKnownFileType = sourcecode.swift; path = NotificationService.swift; sourceTree = "<group>"; };
		FD0FBDFF24729708002B5EB5 /* Info.plist */ = {isa = PBXFileReference; lastKnownFileType = text.plist.xml; path = Info.plist; sourceTree = "<group>"; };
		FD0FBE0C2472B4AF002B5EB5 /* AppDelegate+Security.swift */ = {isa = PBXFileReference; lastKnownFileType = sourcecode.swift; path = "AppDelegate+Security.swift"; sourceTree = "<group>"; };
		FD0FBE112472B619002B5EB5 /* MethodChannel.swift */ = {isa = PBXFileReference; lastKnownFileType = sourcecode.swift; path = MethodChannel.swift; sourceTree = "<group>"; };
		FD139C3C23FFF55700E891D5 /* UserDefaults+Extension.swift */ = {isa = PBXFileReference; lastKnownFileType = sourcecode.swift; path = "UserDefaults+Extension.swift"; sourceTree = "<group>"; };
		FD2D3A5423E09F900070F327 /* UIApplication+Firebase.swift */ = {isa = PBXFileReference; lastKnownFileType = sourcecode.swift; path = "UIApplication+Firebase.swift"; sourceTree = "<group>"; };
		FD2D3A5623E0B1360070F327 /* GoogleService-Info-Production.plist */ = {isa = PBXFileReference; fileEncoding = 4; lastKnownFileType = text.plist.xml; path = "GoogleService-Info-Production.plist"; sourceTree = "<group>"; };
		FD2E2E21231FFEBB00ADF5C5 /* AppDelegate.swift */ = {isa = PBXFileReference; lastKnownFileType = sourcecode.swift; path = AppDelegate.swift; sourceTree = "<group>"; };
		FD2E2E23231FFF3C00ADF5C5 /* Runner-Bridging-Header.h */ = {isa = PBXFileReference; lastKnownFileType = sourcecode.c.h; path = "Runner-Bridging-Header.h"; sourceTree = "<group>"; };
		FD2FD6F223E099F900B39EA2 /* GoogleService-Info-Development.plist */ = {isa = PBXFileReference; fileEncoding = 4; lastKnownFileType = text.plist.xml; path = "GoogleService-Info-Development.plist"; sourceTree = "<group>"; };
		FD51737223266F04007458CC /* .swiftlint.yml */ = {isa = PBXFileReference; fileEncoding = 4; lastKnownFileType = text; path = .swiftlint.yml; sourceTree = "<group>"; };
		FD51737523267295007458CC /* UIApplication+Logging.swift */ = {isa = PBXFileReference; lastKnownFileType = sourcecode.swift; path = "UIApplication+Logging.swift"; sourceTree = "<group>"; };
		FD5485E6247EB9610012FB26 /* String+Base64.swift */ = {isa = PBXFileReference; lastKnownFileType = sourcecode.swift; path = "String+Base64.swift"; sourceTree = "<group>"; };
		FD5F8B07236AEA7500E05845 /* en */ = {isa = PBXFileReference; lastKnownFileType = text.plist.strings; name = en; path = en.lproj/InfoPlist.strings; sourceTree = "<group>"; };
		FD5F8B10236AF0EF00E05845 /* fr */ = {isa = PBXFileReference; lastKnownFileType = text.plist.strings; name = fr; path = fr.lproj/InfoPlist.strings; sourceTree = "<group>"; };
		FD5F8B11236AF0F200E05845 /* de */ = {isa = PBXFileReference; lastKnownFileType = text.plist.strings; name = de; path = de.lproj/InfoPlist.strings; sourceTree = "<group>"; };
		FD5F8B12236AF0F400E05845 /* it */ = {isa = PBXFileReference; lastKnownFileType = text.plist.strings; name = it; path = it.lproj/InfoPlist.strings; sourceTree = "<group>"; };
		FD5F8B13236AF0F600E05845 /* es */ = {isa = PBXFileReference; lastKnownFileType = text.plist.strings; name = es; path = es.lproj/InfoPlist.strings; sourceTree = "<group>"; };
		FD64C87F2486D29D0047B348 /* SecurityHelper.swift */ = {isa = PBXFileReference; lastKnownFileType = sourcecode.swift; path = SecurityHelper.swift; sourceTree = "<group>"; };
		FD8644DB23E097F100A25158 /* Release-development.xcconfig */ = {isa = PBXFileReference; fileEncoding = 4; lastKnownFileType = text.xcconfig; name = "Release-development.xcconfig"; path = "Flutter/Release-development.xcconfig"; sourceTree = "<group>"; };
		FD961FB123D73ADC00AD0D90 /* AppDelegate+Sharing.swift */ = {isa = PBXFileReference; lastKnownFileType = sourcecode.swift; path = "AppDelegate+Sharing.swift"; sourceTree = "<group>"; };
/* End PBXFileReference section */

/* Begin PBXFrameworksBuildPhase section */
		64B6D5AC2449CC38001C73DE /* Frameworks */ = {
			isa = PBXFrameworksBuildPhase;
			buildActionMask = 2147483647;
			files = (
			);
			runOnlyForDeploymentPostprocessing = 0;
		};
		97C146EB1CF9000F007C117D /* Frameworks */ = {
			isa = PBXFrameworksBuildPhase;
			buildActionMask = 2147483647;
			files = (
				374E43D3FB49E295AE9799DD /* Pods_Runner.framework in Frameworks */,
			);
			runOnlyForDeploymentPostprocessing = 0;
		};
		FD0FBDF824729708002B5EB5 /* Frameworks */ = {
			isa = PBXFrameworksBuildPhase;
			buildActionMask = 2147483647;
			files = (
				7E655F52459F699C423A9A47 /* Pods_NotificationService.framework in Frameworks */,
			);
			runOnlyForDeploymentPostprocessing = 0;
		};
/* End PBXFrameworksBuildPhase section */

/* Begin PBXGroup section */
		5BC001BF3473EA87F51AA764 /* Pods */ = {
			isa = PBXGroup;
			children = (
				9810C5C2A61932B256D32535 /* Pods-Runner.debug.xcconfig */,
				6F6BA9A235C8C854C6105BBB /* Pods-Runner.release.xcconfig */,
				AE7959C2D0CF25C3DA63C8A5 /* Pods-Runner.development.xcconfig */,
				81A3BCC8525B6F2D0510F16F /* Pods-Runner.stable.xcconfig */,
				F90D6A58DFAD88989F0B373D /* Pods-Runner.debug-development.xcconfig */,
				F41DB3006AA42C6AFAF21669 /* Pods-Runner.release-stable.xcconfig */,
				125F4957EFC6D57D2B18CDF8 /* Pods-Runner.release-development.xcconfig */,
				DD93F73C7246AEDD7418AB12 /* Pods-Runner.debug-stable.xcconfig */,
				DD35EBF3BB1F487852F715F9 /* Pods-NotificationService.debug-development.xcconfig */,
				B7774FABB905B849FEB3BEF5 /* Pods-NotificationService.release-development.xcconfig */,
				A12B80A93EA4641880AFD3D0 /* Pods-NotificationService.release-stable.xcconfig */,
			);
			path = Pods;
			sourceTree = "<group>";
		};
		6490EEC6246BCAB000B5E428 /* Helper */ = {
			isa = PBXGroup;
			children = (
				6490EEC7246BCAC500B5E428 /* Sharing.swift */,
			);
			path = Helper;
			sourceTree = "<group>";
		};
		64B6D5B02449CC38001C73DE /* CoiSharing */ = {
			isa = PBXGroup;
			children = (
				6490EEC6246BCAB000B5E428 /* Helper */,
				64FF8CC7244D8CFE00E7634D /* CoiSharingDebug-development.entitlements */,
				64B6D5BF2449CC7A001C73DE /* CoiSharingRelease-development.entitlements */,
				64B6D5B12449CC38001C73DE /* ShareViewController.swift */,
				64B6D5B32449CC38001C73DE /* MainInterface.storyboard */,
				64B6D5B62449CC38001C73DE /* Info.plist */,
			);
			path = CoiSharing;
			sourceTree = "<group>";
		};
		9740EEB11CF90186004384FC /* Flutter */ = {
			isa = PBXGroup;
			children = (
				3B3967151E833CAA004F5970 /* AppFrameworkInfo.plist */,
				2421A2132375A7CE00BBE6C8 /* Debug-development.xcconfig */,
				9740EEB31CF90195004384FC /* Generated.xcconfig */,
				FD8644DB23E097F100A25158 /* Release-development.xcconfig */,
				2421A2112375966400BBE6C8 /* Release-stable.xcconfig */,
			);
			name = Flutter;
			sourceTree = "<group>";
		};
		97C146E51CF9000F007C117D = {
			isa = PBXGroup;
			children = (
				64FF8CC8244D8D8300E7634D /* RunnerDebug-development.entitlements */,
				64B6D5C02449CCEC001C73DE /* RunnerRelease-development.entitlements */,
				649470432445BCF800239B7B /* .gitlab-ci.yml */,
				FD51737223266F04007458CC /* .swiftlint.yml */,
				97C146F01CF9000F007C117D /* OX Coi */,
				9740EEB11CF90186004384FC /* Flutter */,
				64B6D5B02449CC38001C73DE /* CoiSharing */,
				FD0FBDFC24729708002B5EB5 /* NotificationService */,
				97C146EF1CF9000F007C117D /* Products */,
				5BC001BF3473EA87F51AA764 /* Pods */,
				A3B7A0ADF7909F744D5E7588 /* Frameworks */,
			);
			sourceTree = "<group>";
		};
		97C146EF1CF9000F007C117D /* Products */ = {
			isa = PBXGroup;
			children = (
				97C146EE1CF9000F007C117D /* Runner.app */,
				64B6D5AF2449CC38001C73DE /* CoiSharing.appex */,
				FD0FBDFB24729708002B5EB5 /* NotificationService.appex */,
			);
			name = Products;
			sourceTree = "<group>";
		};
		97C146F01CF9000F007C117D /* OX Coi */ = {
			isa = PBXGroup;
			children = (
				FD2E2E25231FFF8A00ADF5C5 /* Application */,
				FD3A797E2320058900C46411 /* Extensions */,
				FD51B1B423200F4D006F665B /* Helper */,
				97C146F11CF9000F007C117D /* Supporting Files */,
			);
			path = "OX Coi";
			sourceTree = "<group>";
		};
		97C146F11CF9000F007C117D /* Supporting Files */ = {
			isa = PBXGroup;
			children = (
				FD2FD6ED23E0998500B39EA2 /* Firebase */,
				97C146FD1CF9000F007C117D /* Assets.xcassets */,
				2A0DB6B723992A9800257C03 /* exportOptionsstable.plist */,
				242D004E2370336900491A66 /* exportOptionsdevelopment.plist */,
				FD5F8B08236AEA7500E05845 /* InfoPlist.strings */,
				97C147021CF9000F007C117D /* Info.plist */,
				24DD530523214B20005ED412 /* Runner.entitlements */,
			);
			name = "Supporting Files";
			sourceTree = "<group>";
		};
		A3B7A0ADF7909F744D5E7588 /* Frameworks */ = {
			isa = PBXGroup;
			children = (
				899B7188477F2A02FA10829E /* Pods_Runner.framework */,
				1BD1DAE490FC79A5BFE85464 /* Pods_NotificationService.framework */,
			);
			name = Frameworks;
			sourceTree = "<group>";
		};
		FD0FBDFC24729708002B5EB5 /* NotificationService */ = {
			isa = PBXGroup;
			children = (
				FD0FBDFD24729708002B5EB5 /* NotificationService.swift */,
				FD0FBDFF24729708002B5EB5 /* Info.plist */,
			);
			path = NotificationService;
			sourceTree = "<group>";
		};
		FD2E2E25231FFF8A00ADF5C5 /* Application */ = {
			isa = PBXGroup;
			children = (
				FD2E2E21231FFEBB00ADF5C5 /* AppDelegate.swift */,
				2AB5BDA12396A33B005FDB10 /* GeneratedPluginRegistrant.h */,
				2AB5BDA22396A33B005FDB10 /* GeneratedPluginRegistrant.m */,
				FD2E2E23231FFF3C00ADF5C5 /* Runner-Bridging-Header.h */,
				FD2E2E26231FFFAC00ADF5C5 /* Storyboards */,
			);
			path = Application;
			sourceTree = "<group>";
		};
		FD2E2E26231FFFAC00ADF5C5 /* Storyboards */ = {
			isa = PBXGroup;
			children = (
				97C146FF1CF9000F007C117D /* LaunchScreen.storyboard */,
				97C146FA1CF9000F007C117D /* Main.storyboard */,
			);
			path = Storyboards;
			sourceTree = "<group>";
		};
		FD2FD6ED23E0998500B39EA2 /* Firebase */ = {
			isa = PBXGroup;
			children = (
				FD2FD6F223E099F900B39EA2 /* GoogleService-Info-Development.plist */,
				FD2D3A5623E0B1360070F327 /* GoogleService-Info-Production.plist */,
			);
			path = Firebase;
			sourceTree = "<group>";
		};
		FD3A4DC123D758A40036F2BE /* Foundation */ = {
			isa = PBXGroup;
			children = (
				FD5485E6247EB9610012FB26 /* String+Base64.swift */,
				FD139C3C23FFF55700E891D5 /* UserDefaults+Extension.swift */,
			);
			path = Foundation;
			sourceTree = "<group>";
		};
		FD3A797E2320058900C46411 /* Extensions */ = {
			isa = PBXGroup;
			children = (
				FD3A4DC123D758A40036F2BE /* Foundation */,
				FD517377232672C9007458CC /* UIKit */,
			);
			path = Extensions;
			sourceTree = "<group>";
		};
		FD517377232672C9007458CC /* UIKit */ = {
			isa = PBXGroup;
			children = (
				FD0FBE0C2472B4AF002B5EB5 /* AppDelegate+Security.swift */,
				FD961FB123D73ADC00AD0D90 /* AppDelegate+Sharing.swift */,
				FD2D3A5423E09F900070F327 /* UIApplication+Firebase.swift */,
				FD51737523267295007458CC /* UIApplication+Logging.swift */,
			);
			path = UIKit;
			sourceTree = "<group>";
		};
		FD51B1B423200F4D006F665B /* Helper */ = {
			isa = PBXGroup;
			children = (
				FD0FBE112472B619002B5EB5 /* MethodChannel.swift */,
				FD64C87F2486D29D0047B348 /* SecurityHelper.swift */,
			);
			path = Helper;
			sourceTree = "<group>";
		};
/* End PBXGroup section */

/* Begin PBXNativeTarget section */
		64B6D5AE2449CC38001C73DE /* CoiSharing */ = {
			isa = PBXNativeTarget;
			buildConfigurationList = 64B6D5BE2449CC38001C73DE /* Build configuration list for PBXNativeTarget "CoiSharing" */;
			buildPhases = (
				64B6D5AB2449CC38001C73DE /* Sources */,
				64B6D5AC2449CC38001C73DE /* Frameworks */,
				64B6D5AD2449CC38001C73DE /* Resources */,
			);
			buildRules = (
			);
			dependencies = (
			);
			name = CoiSharing;
			productName = CoiSharing;
			productReference = 64B6D5AF2449CC38001C73DE /* CoiSharing.appex */;
			productType = "com.apple.product-type.app-extension";
		};
		97C146ED1CF9000F007C117D /* Runner */ = {
			isa = PBXNativeTarget;
			buildConfigurationList = 97C147051CF9000F007C117D /* Build configuration list for PBXNativeTarget "Runner" */;
			buildPhases = (
				07A205D9AD62533B341E8AC3 /* [CP] Check Pods Manifest.lock */,
				FD51737123266E81007458CC /* SwiftLint */,
				9740EEB61CF901F6004384FC /* Run Script */,
				97C146EA1CF9000F007C117D /* Sources */,
				97C146EB1CF9000F007C117D /* Frameworks */,
				97C146EC1CF9000F007C117D /* Resources */,
				9705A1C41CF9048500538489 /* Embed Frameworks */,
				3B06AD1E1E4923F5004D2608 /* Thin Binary */,
				245A4ECEE3BE63ECDF6D9407 /* [CP] Embed Pods Frameworks */,
				FD2FD6EC23E098C800B39EA2 /* GoogleService-Info */,
				64B6D5BA2449CC38001C73DE /* Embed App Extensions */,
			);
			buildRules = (
			);
			dependencies = (
				64B6D5B82449CC38001C73DE /* PBXTargetDependency */,
				FD0FBE0124729708002B5EB5 /* PBXTargetDependency */,
			);
			name = Runner;
			productName = Runner;
			productReference = 97C146EE1CF9000F007C117D /* Runner.app */;
			productType = "com.apple.product-type.application";
		};
		FD0FBDFA24729708002B5EB5 /* NotificationService */ = {
			isa = PBXNativeTarget;
			buildConfigurationList = FD0FBE0624729708002B5EB5 /* Build configuration list for PBXNativeTarget "NotificationService" */;
			buildPhases = (
				77695565A3D680FC5EDD5B81 /* [CP] Check Pods Manifest.lock */,
				FD0FBDF724729708002B5EB5 /* Sources */,
				FD0FBDF824729708002B5EB5 /* Frameworks */,
				FD0FBDF924729708002B5EB5 /* Resources */,
			);
			buildRules = (
			);
			dependencies = (
			);
			name = NotificationService;
			productName = NotificationService;
			productReference = FD0FBDFB24729708002B5EB5 /* NotificationService.appex */;
			productType = "com.apple.product-type.app-extension";
		};
/* End PBXNativeTarget section */

/* Begin PBXProject section */
		97C146E61CF9000F007C117D /* Project object */ = {
			isa = PBXProject;
			attributes = {
				LastSwiftUpdateCheck = 1140;
				LastUpgradeCheck = 1140;
				ORGANIZATIONNAME = "OX Software GmbH";
				TargetAttributes = {
					64B6D5AE2449CC38001C73DE = {
						CreatedOnToolsVersion = 11.4;
					};
					97C146ED1CF9000F007C117D = {
						CreatedOnToolsVersion = 7.3.1;
						LastSwiftMigration = 1030;
						SystemCapabilities = {
							com.apple.Push = {
								enabled = 1;
							};
						};
					};
					FD0FBDFA24729708002B5EB5 = {
						CreatedOnToolsVersion = 11.4.1;
					};
				};
			};
			buildConfigurationList = 97C146E91CF9000F007C117D /* Build configuration list for PBXProject "Runner" */;
			compatibilityVersion = "Xcode 10.0";
			developmentRegion = en;
			hasScannedForEncodings = 0;
			knownRegions = (
				en,
				Base,
				de,
				fr,
				es,
				it,
				"cs-CZ",
				"da-DK",
				"en-US",
				"es-MX",
				"fi-FI",
				"fr-CA",
				"hu-HU",
				"ja-JP",
				"lv-LV",
				"nl-NL",
				"pl-PL",
				pt,
				"ro-RO",
				"ru-RU",
				"sk-SK",
				"sv-SE",
				"zh-Hant-CN",
				"zh-Hant-TW",
			);
			mainGroup = 97C146E51CF9000F007C117D;
			productRefGroup = 97C146EF1CF9000F007C117D /* Products */;
			projectDirPath = "";
			projectRoot = "";
			targets = (
				97C146ED1CF9000F007C117D /* Runner */,
				64B6D5AE2449CC38001C73DE /* CoiSharing */,
				FD0FBDFA24729708002B5EB5 /* NotificationService */,
			);
		};
/* End PBXProject section */

/* Begin PBXResourcesBuildPhase section */
		64B6D5AD2449CC38001C73DE /* Resources */ = {
			isa = PBXResourcesBuildPhase;
			buildActionMask = 2147483647;
			files = (
				64B6D5B52449CC38001C73DE /* MainInterface.storyboard in Resources */,
			);
			runOnlyForDeploymentPostprocessing = 0;
		};
		97C146EC1CF9000F007C117D /* Resources */ = {
			isa = PBXResourcesBuildPhase;
			buildActionMask = 2147483647;
			files = (
				FD51737323266F05007458CC /* .swiftlint.yml in Resources */,
				FD5F8B06236AEA7500E05845 /* InfoPlist.strings in Resources */,
				FD2D3A5723E0B1360070F327 /* GoogleService-Info-Production.plist in Resources */,
				97C147011CF9000F007C117D /* LaunchScreen.storyboard in Resources */,
				2A0DB6B823992A9800257C03 /* exportOptionsstable.plist in Resources */,
				3B3967161E833CAA004F5970 /* AppFrameworkInfo.plist in Resources */,
				97C146FE1CF9000F007C117D /* Assets.xcassets in Resources */,
				97C146FC1CF9000F007C117D /* Main.storyboard in Resources */,
				649470442445BCF800239B7B /* .gitlab-ci.yml in Resources */,
				FD2FD6F323E099F900B39EA2 /* GoogleService-Info-Development.plist in Resources */,
			);
			runOnlyForDeploymentPostprocessing = 0;
		};
		FD0FBDF924729708002B5EB5 /* Resources */ = {
			isa = PBXResourcesBuildPhase;
			buildActionMask = 2147483647;
			files = (
			);
			runOnlyForDeploymentPostprocessing = 0;
		};
/* End PBXResourcesBuildPhase section */

/* Begin PBXShellScriptBuildPhase section */
		07A205D9AD62533B341E8AC3 /* [CP] Check Pods Manifest.lock */ = {
			isa = PBXShellScriptBuildPhase;
			buildActionMask = 2147483647;
			files = (
			);
			inputFileListPaths = (
			);
			inputPaths = (
				"${PODS_PODFILE_DIR_PATH}/Podfile.lock",
				"${PODS_ROOT}/Manifest.lock",
			);
			name = "[CP] Check Pods Manifest.lock";
			outputFileListPaths = (
			);
			outputPaths = (
				"$(DERIVED_FILE_DIR)/Pods-Runner-checkManifestLockResult.txt",
			);
			runOnlyForDeploymentPostprocessing = 0;
			shellPath = /bin/sh;
			shellScript = "diff \"${PODS_PODFILE_DIR_PATH}/Podfile.lock\" \"${PODS_ROOT}/Manifest.lock\" > /dev/null\nif [ $? != 0 ] ; then\n    # print error to STDERR\n    echo \"error: The sandbox is not in sync with the Podfile.lock. Run 'pod install' or update your CocoaPods installation.\" >&2\n    exit 1\nfi\n# This output is used by Xcode 'outputs' to avoid re-running this script phase.\necho \"SUCCESS\" > \"${SCRIPT_OUTPUT_FILE_0}\"\n";
			showEnvVarsInLog = 0;
		};
		245A4ECEE3BE63ECDF6D9407 /* [CP] Embed Pods Frameworks */ = {
			isa = PBXShellScriptBuildPhase;
			buildActionMask = 2147483647;
			files = (
			);
			inputFileListPaths = (
			);
			name = "[CP] Embed Pods Frameworks";
			outputFileListPaths = (
			);
			runOnlyForDeploymentPostprocessing = 0;
			shellPath = /bin/sh;
			shellScript = "\"${PODS_ROOT}/Target Support Files/Pods-Runner/Pods-Runner-frameworks.sh\"\n";
			showEnvVarsInLog = 0;
		};
		3B06AD1E1E4923F5004D2608 /* Thin Binary */ = {
			isa = PBXShellScriptBuildPhase;
			buildActionMask = 2147483647;
			files = (
			);
			inputPaths = (
			);
			name = "Thin Binary";
			outputPaths = (
			);
			runOnlyForDeploymentPostprocessing = 0;
			shellPath = /bin/sh;
			shellScript = "/bin/sh \"$FLUTTER_ROOT/packages/flutter_tools/bin/xcode_backend.sh\" embed\n/bin/sh \"$FLUTTER_ROOT/packages/flutter_tools/bin/xcode_backend.sh\" thin\n";
		};
		77695565A3D680FC5EDD5B81 /* [CP] Check Pods Manifest.lock */ = {
			isa = PBXShellScriptBuildPhase;
			buildActionMask = 2147483647;
			files = (
			);
			inputFileListPaths = (
			);
			inputPaths = (
				"${PODS_PODFILE_DIR_PATH}/Podfile.lock",
				"${PODS_ROOT}/Manifest.lock",
			);
			name = "[CP] Check Pods Manifest.lock";
			outputFileListPaths = (
			);
			outputPaths = (
				"$(DERIVED_FILE_DIR)/Pods-NotificationService-checkManifestLockResult.txt",
			);
			runOnlyForDeploymentPostprocessing = 0;
			shellPath = /bin/sh;
			shellScript = "diff \"${PODS_PODFILE_DIR_PATH}/Podfile.lock\" \"${PODS_ROOT}/Manifest.lock\" > /dev/null\nif [ $? != 0 ] ; then\n    # print error to STDERR\n    echo \"error: The sandbox is not in sync with the Podfile.lock. Run 'pod install' or update your CocoaPods installation.\" >&2\n    exit 1\nfi\n# This output is used by Xcode 'outputs' to avoid re-running this script phase.\necho \"SUCCESS\" > \"${SCRIPT_OUTPUT_FILE_0}\"\n";
			showEnvVarsInLog = 0;
		};
		9740EEB61CF901F6004384FC /* Run Script */ = {
			isa = PBXShellScriptBuildPhase;
			buildActionMask = 2147483647;
			files = (
			);
			inputPaths = (
			);
			name = "Run Script";
			outputPaths = (
			);
			runOnlyForDeploymentPostprocessing = 0;
			shellPath = /bin/sh;
			shellScript = "/bin/sh \"$FLUTTER_ROOT/packages/flutter_tools/bin/xcode_backend.sh\" build\n";
		};
		FD2FD6EC23E098C800B39EA2 /* GoogleService-Info */ = {
			isa = PBXShellScriptBuildPhase;
			buildActionMask = 2147483647;
			files = (
			);
			inputFileListPaths = (
			);
			inputPaths = (
			);
			name = "GoogleService-Info";
			outputFileListPaths = (
			);
			outputPaths = (
			);
			runOnlyForDeploymentPostprocessing = 0;
			shellPath = /bin/sh;
			shellScript = "PLISTS_PATH=\"${PROJECT_DIR}/OX COI/Firebase\"\n\ncase \"${CONFIGURATION}\" in\n\n   \"Debug-development\" | \"Release-development\" )\n       cp -r \"$PLISTS_PATH/GoogleService-Info-Development.plist\" \"${CONFIGURATION_BUILD_DIR}/${UNLOCALIZED_RESOURCES_FOLDER_PATH}/GoogleService-Info.plist\" ;;\n\n   \"Release-stable\" )\n       cp -r \"$PLISTS_PATH/GoogleService-Info-Production.plist\" \"${CONFIGURATION_BUILD_DIR}/${UNLOCALIZED_RESOURCES_FOLDER_PATH}/GoogleService-Info.plist\" ;;\n\n    *)\n        ;;\nesac\n\nprintenv\n";
			showEnvVarsInLog = 0;
		};
		FD51737123266E81007458CC /* SwiftLint */ = {
			isa = PBXShellScriptBuildPhase;
			buildActionMask = 2147483647;
			files = (
			);
			inputFileListPaths = (
			);
			inputPaths = (
			);
			name = SwiftLint;
			outputFileListPaths = (
			);
			outputPaths = (
			);
			runOnlyForDeploymentPostprocessing = 0;
			shellPath = /bin/sh;
			shellScript = "if which swiftlint >/dev/null; then\n    swiftlint\nelse\n    echo \"warning: SwiftLint not installed, download from https://github.com/realm/SwiftLint\"\nfi\n";
			showEnvVarsInLog = 0;
		};
/* End PBXShellScriptBuildPhase section */

/* Begin PBXSourcesBuildPhase section */
		64B6D5AB2449CC38001C73DE /* Sources */ = {
			isa = PBXSourcesBuildPhase;
			buildActionMask = 2147483647;
			files = (
				6490EEC8246BCAC500B5E428 /* Sharing.swift in Sources */,
				FD5485E3247EB2810012FB26 /* MethodChannel.swift in Sources */,
				64B6D5B22449CC38001C73DE /* ShareViewController.swift in Sources */,
			);
			runOnlyForDeploymentPostprocessing = 0;
		};
		97C146EA1CF9000F007C117D /* Sources */ = {
			isa = PBXSourcesBuildPhase;
			buildActionMask = 2147483647;
			files = (
				FD961FB223D73ADC00AD0D90 /* AppDelegate+Sharing.swift in Sources */,
				FD2E2E22231FFEBB00ADF5C5 /* AppDelegate.swift in Sources */,
				FD51737623267295007458CC /* UIApplication+Logging.swift in Sources */,
				FD0FBE122472B619002B5EB5 /* MethodChannel.swift in Sources */,
				FDC49D33246D4E1F00FDF561 /* Sharing.swift in Sources */,
				FD64C8802486D29D0047B348 /* SecurityHelper.swift in Sources */,
				2AB5BDA32396A33B005FDB10 /* GeneratedPluginRegistrant.m in Sources */,
				FD0FBE0D2472B4AF002B5EB5 /* AppDelegate+Security.swift in Sources */,
				FD5485E7247EB9610012FB26 /* String+Base64.swift in Sources */,
				FD2D3A5523E09F900070F327 /* UIApplication+Firebase.swift in Sources */,
				FD139C3D23FFF55700E891D5 /* UserDefaults+Extension.swift in Sources */,
			);
			runOnlyForDeploymentPostprocessing = 0;
		};
		FD0FBDF724729708002B5EB5 /* Sources */ = {
			isa = PBXSourcesBuildPhase;
			buildActionMask = 2147483647;
			files = (
				FD0FBDFE24729708002B5EB5 /* NotificationService.swift in Sources */,
				FD64C8812486D29D0047B348 /* SecurityHelper.swift in Sources */,
			);
			runOnlyForDeploymentPostprocessing = 0;
		};
/* End PBXSourcesBuildPhase section */

/* Begin PBXTargetDependency section */
		64B6D5B82449CC38001C73DE /* PBXTargetDependency */ = {
			isa = PBXTargetDependency;
			target = 64B6D5AE2449CC38001C73DE /* CoiSharing */;
			targetProxy = 64B6D5B72449CC38001C73DE /* PBXContainerItemProxy */;
		};
		FD0FBE0124729708002B5EB5 /* PBXTargetDependency */ = {
			isa = PBXTargetDependency;
			target = FD0FBDFA24729708002B5EB5 /* NotificationService */;
			targetProxy = FD0FBE0024729708002B5EB5 /* PBXContainerItemProxy */;
		};
/* End PBXTargetDependency section */

/* Begin PBXVariantGroup section */
		64B6D5B32449CC38001C73DE /* MainInterface.storyboard */ = {
			isa = PBXVariantGroup;
			children = (
				64B6D5B42449CC38001C73DE /* Base */,
			);
			name = MainInterface.storyboard;
			sourceTree = "<group>";
		};
		97C146FA1CF9000F007C117D /* Main.storyboard */ = {
			isa = PBXVariantGroup;
			children = (
				97C146FB1CF9000F007C117D /* Base */,
			);
			name = Main.storyboard;
			sourceTree = "<group>";
		};
		97C146FF1CF9000F007C117D /* LaunchScreen.storyboard */ = {
			isa = PBXVariantGroup;
			children = (
				97C147001CF9000F007C117D /* Base */,
			);
			name = LaunchScreen.storyboard;
			sourceTree = "<group>";
		};
		FD5F8B08236AEA7500E05845 /* InfoPlist.strings */ = {
			isa = PBXVariantGroup;
			children = (
				FD5F8B07236AEA7500E05845 /* en */,
				FD5F8B10236AF0EF00E05845 /* fr */,
				FD5F8B11236AF0F200E05845 /* de */,
				FD5F8B12236AF0F400E05845 /* it */,
				FD5F8B13236AF0F600E05845 /* es */,
				646BAA6623D890B7004295B1 /* cs-CZ */,
				646BAA6723D890D8004295B1 /* da-DK */,
				646BAA6823D89139004295B1 /* en-US */,
				646BAA6923D89182004295B1 /* es-MX */,
				646BAA6A23D891A1004295B1 /* fi-FI */,
				646BAA6B23D891B6004295B1 /* fr-CA */,
				646BAA6C23D891D2004295B1 /* hu-HU */,
				646BAA6D23D891F7004295B1 /* ja-JP */,
				646BAA6E23D89220004295B1 /* lv-LV */,
				646BAA6F23D89267004295B1 /* nl-NL */,
				646BAA7023D892A9004295B1 /* pl-PL */,
				646BAA7123D89333004295B1 /* pt */,
				646BAA7223D8935C004295B1 /* ro-RO */,
				646BAA7323D8937A004295B1 /* ru-RU */,
				646BAA7423D893AE004295B1 /* sk-SK */,
				646BAA7523D893CB004295B1 /* sv-SE */,
				646BAA7623D894B2004295B1 /* zh-Hant-CN */,
				646BAA7723D894C7004295B1 /* zh-Hant-TW */,
			);
			name = InfoPlist.strings;
			sourceTree = "<group>";
		};
/* End PBXVariantGroup section */

/* Begin XCBuildConfiguration section */
		2421A20C2375913B00BBE6C8 /* Debug-development */ = {
			isa = XCBuildConfiguration;
			baseConfigurationReference = 2421A2132375A7CE00BBE6C8 /* Debug-development.xcconfig */;
			buildSettings = {
				ALWAYS_SEARCH_USER_PATHS = NO;
				CLANG_ANALYZER_LOCALIZABILITY_NONLOCALIZED = YES;
				CLANG_ANALYZER_NONNULL = YES;
				CLANG_CXX_LANGUAGE_STANDARD = "gnu++0x";
				CLANG_CXX_LIBRARY = "libc++";
				CLANG_ENABLE_MODULES = YES;
				CLANG_ENABLE_OBJC_ARC = YES;
				CLANG_WARN_BLOCK_CAPTURE_AUTORELEASING = YES;
				CLANG_WARN_BOOL_CONVERSION = YES;
				CLANG_WARN_COMMA = YES;
				CLANG_WARN_CONSTANT_CONVERSION = YES;
				CLANG_WARN_DEPRECATED_OBJC_IMPLEMENTATIONS = YES;
				CLANG_WARN_DIRECT_OBJC_ISA_USAGE = YES_ERROR;
				CLANG_WARN_EMPTY_BODY = YES;
				CLANG_WARN_ENUM_CONVERSION = YES;
				CLANG_WARN_INFINITE_RECURSION = YES;
				CLANG_WARN_INT_CONVERSION = YES;
				CLANG_WARN_NON_LITERAL_NULL_CONVERSION = YES;
				CLANG_WARN_OBJC_IMPLICIT_RETAIN_SELF = YES;
				CLANG_WARN_OBJC_LITERAL_CONVERSION = YES;
				CLANG_WARN_OBJC_ROOT_CLASS = YES_ERROR;
				CLANG_WARN_RANGE_LOOP_ANALYSIS = YES;
				CLANG_WARN_STRICT_PROTOTYPES = YES;
				CLANG_WARN_SUSPICIOUS_MOVE = YES;
				CLANG_WARN_UNREACHABLE_CODE = YES;
				CLANG_WARN__DUPLICATE_METHOD_MATCH = YES;
				"CODE_SIGN_IDENTITY[sdk=iphoneos*]" = "iPhone Developer";
				CODE_SIGN_STYLE = Manual;
				COPY_PHASE_STRIP = NO;
				DEBUG_INFORMATION_FORMAT = "dwarf-with-dsym";
				ENABLE_NS_ASSERTIONS = NO;
				ENABLE_STRICT_OBJC_MSGSEND = YES;
				ENABLE_TESTABILITY = YES;
				GCC_C_LANGUAGE_STANDARD = gnu99;
				GCC_NO_COMMON_BLOCKS = YES;
				GCC_WARN_64_TO_32_BIT_CONVERSION = YES;
				GCC_WARN_ABOUT_RETURN_TYPE = YES_ERROR;
				GCC_WARN_UNDECLARED_SELECTOR = YES;
				GCC_WARN_UNINITIALIZED_AUTOS = YES_AGGRESSIVE;
				GCC_WARN_UNUSED_FUNCTION = YES;
				GCC_WARN_UNUSED_VARIABLE = YES;
				IPHONEOS_DEPLOYMENT_TARGET = 13.0;
				MTL_ENABLE_DEBUG_INFO = NO;
				ONLY_ACTIVE_ARCH = YES;
				SDKROOT = iphoneos;
				SWIFT_COMPILATION_MODE = wholemodule;
				TARGETED_DEVICE_FAMILY = "1,2";
				VALIDATE_PRODUCT = YES;
			};
			name = "Debug-development";
		};
		2421A20D2375913B00BBE6C8 /* Debug-development */ = {
			isa = XCBuildConfiguration;
			baseConfigurationReference = 2421A2132375A7CE00BBE6C8 /* Debug-development.xcconfig */;
			buildSettings = {
				ALWAYS_EMBED_SWIFT_STANDARD_LIBRARIES = "$(inherited)";
				ASSETCATALOG_COMPILER_APPICON_NAME = AppIcon;
				BUNDLE_DISPLAY_NAME = "${PRODUCT_BUNDLE_DISPLAY_NAME}";
				CLANG_ENABLE_MODULES = YES;
				CLANG_WARN_DOCUMENTATION_COMMENTS = NO;
				CODE_SIGN_ENTITLEMENTS = "Runner/RunnerDebug-development.entitlements";
				CODE_SIGN_IDENTITY = "Apple Development";
				CODE_SIGN_STYLE = Automatic;
				CURRENT_PROJECT_VERSION = "$(FLUTTER_BUILD_NUMBER)";
				DEVELOPMENT_TEAM = 528HQ38877;
				ENABLE_BITCODE = NO;
				FLUTTER_BUNDLE_DISPLAY_NAME = "${FLUTTER_BUNDLE_DISPLAY_NAME}";
				FRAMEWORK_SEARCH_PATHS = (
					"$(inherited)",
					"$(PROJECT_DIR)/Flutter",
				);
				GCC_OPTIMIZATION_LEVEL = 0;
				INFOPLIST_FILE = "$(SRCROOT)/OX Coi/Info.plist";
				IPHONEOS_DEPLOYMENT_TARGET = 13.0;
				LD_RUNPATH_SEARCH_PATHS = (
					"$(inherited)",
					"@executable_path/Frameworks",
				);
				LIBRARY_SEARCH_PATHS = (
					"$(inherited)",
					"$(PROJECT_DIR)/Flutter",
				);
				MARKETING_VERSION = "$(FLUTTER_BUILD_NAME)";
				MTL_ENABLE_DEBUG_INFO = YES;
				OTHER_LDFLAGS = (
					"$(inherited)",
					"-ObjC",
					"-l\"c++\"",
					"-l\"sqlite3\"",
					"-l\"z\"",
					"-framework",
					"\"AVFoundation\"",
					"-framework",
					"\"Accelerate\"",
					"-framework",
					"\"BarcodeDetector\"",
					"-framework",
					"\"CoreGraphics\"",
					"-framework",
					"\"CoreImage\"",
					"-framework",
					"\"CoreMedia\"",
					"-framework",
					"\"CoreTelephony\"",
					"-framework",
					"\"CoreVideo\"",
					"-framework",
					"\"FBLPromises\"",
					"-framework",
					"\"FIRAnalyticsConnector\"",
					"-framework",
					"\"FMDB\"",
					"-framework",
					"\"FirebaseAnalytics\"",
					"-framework",
					"\"FirebaseCore\"",
					"-framework",
					"\"FirebaseCoreDiagnostics\"",
					"-framework",
					"\"FirebaseInstallations\"",
					"-framework",
					"\"FirebaseInstanceID\"",
					"-framework",
					"\"FirebaseMessaging\"",
					"-framework",
					"\"Flutter\"",
					"-framework",
					"\"Foundation\"",
					"-framework",
					"\"GTMSessionFetcher\"",
					"-framework",
					"\"GoogleAppMeasurement\"",
					"-framework",
					"\"GoogleDataTransport\"",
					"-framework",
					"\"GoogleDataTransportCCTSupport\"",
					"-framework",
					"\"GoogleMobileVision\"",
					"-framework",
					"\"GoogleToolboxForMac\"",
					"-framework",
					"\"GoogleUtilities\"",
					"-framework",
					"\"InputBarAccessoryView\"",
					"-framework",
					"\"LocalAuthentication\"",
					"-framework",
					"\"MessageKit\"",
					"-framework",
					"\"Security\"",
					"-framework",
					"\"StoreKit\"",
					"-framework",
					"\"SwiftyBeaver\"",
					"-framework",
					"\"SystemConfiguration\"",
					"-framework",
					"\"TOCropViewController\"",
					"-framework",
					"\"UIKit\"",
					"-framework",
					"\"app_settings\"",
					"-framework",
					"\"background_fetch\"",
					"-framework",
					"\"contacts_service\"",
					"-framework",
					"\"delta_chat_core\"",
					"-framework",
					"\"device_info\"",
					"-framework",
					"\"file_picker\"",
					"-framework",
					"\"firebase_messaging\"",
					"-framework",
					"\"flutter_local_notifications\"",
					"-framework",
					"\"flutter_plugin_android_lifecycle\"",
					"-framework",
					"\"flutter_sound\"",
					"-framework",
					"\"fluttertoast\"",
					"-framework",
					"\"image_cropper\"",
					"-framework",
					"\"image_picker\"",
					"-framework",
					"\"libwebp\"",
					"-framework",
					"\"nanopb\"",
					"-framework",
					"\"native_device_orientation\"",
					"-framework",
					"\"open_file\"",
					"-framework",
					"\"package_info\"",
					"-framework",
					"\"path_provider\"",
					"-framework",
					"\"permission_handler\"",
					"-framework",
					"\"protobuf\"",
					"-framework",
					"\"qr_mobile_vision\"",
					"-framework",
					"\"shared_preferences\"",
					"-framework",
					"\"sqflite\"",
					"-framework",
					"\"url_launcher\"",
					"-framework",
					"\"vibrate\"",
					"-framework",
					"\"video_player\"",
					"-framework",
					"\"video_thumbnail\"",
					"-weak_framework",
					"\"UserNotifications\"",
					"-framework",
					Flutter,
				);
				PRODUCT_BUNDLE_IDENTIFIER = "${PRODUCT_BUNDLE_IDENTIFIER}";
				PRODUCT_NAME = "${PRODUCT_NAME}";
				PROVISIONING_PROFILE_SPECIFIER = "";
				SWIFT_OBJC_BRIDGING_HEADER = "OX Coi/Application/Runner-Bridging-Header.h";
				SWIFT_OPTIMIZATION_LEVEL = "-Onone";
				SWIFT_VERSION = 5.0;
				TARGETED_DEVICE_FAMILY = "1,2";
				VERSIONING_SYSTEM = "apple-generic";
			};
			name = "Debug-development";
		};
		2421A20E237591D100BBE6C8 /* Release-stable */ = {
			isa = XCBuildConfiguration;
			baseConfigurationReference = 2421A2112375966400BBE6C8 /* Release-stable.xcconfig */;
			buildSettings = {
				ALWAYS_SEARCH_USER_PATHS = NO;
				CLANG_ANALYZER_LOCALIZABILITY_NONLOCALIZED = YES;
				CLANG_ANALYZER_NONNULL = YES;
				CLANG_CXX_LANGUAGE_STANDARD = "gnu++0x";
				CLANG_CXX_LIBRARY = "libc++";
				CLANG_ENABLE_MODULES = YES;
				CLANG_ENABLE_OBJC_ARC = YES;
				CLANG_WARN_BLOCK_CAPTURE_AUTORELEASING = YES;
				CLANG_WARN_BOOL_CONVERSION = YES;
				CLANG_WARN_COMMA = YES;
				CLANG_WARN_CONSTANT_CONVERSION = YES;
				CLANG_WARN_DEPRECATED_OBJC_IMPLEMENTATIONS = YES;
				CLANG_WARN_DIRECT_OBJC_ISA_USAGE = YES_ERROR;
				CLANG_WARN_EMPTY_BODY = YES;
				CLANG_WARN_ENUM_CONVERSION = YES;
				CLANG_WARN_INFINITE_RECURSION = YES;
				CLANG_WARN_INT_CONVERSION = YES;
				CLANG_WARN_NON_LITERAL_NULL_CONVERSION = YES;
				CLANG_WARN_OBJC_IMPLICIT_RETAIN_SELF = YES;
				CLANG_WARN_OBJC_LITERAL_CONVERSION = YES;
				CLANG_WARN_OBJC_ROOT_CLASS = YES_ERROR;
				CLANG_WARN_RANGE_LOOP_ANALYSIS = YES;
				CLANG_WARN_STRICT_PROTOTYPES = YES;
				CLANG_WARN_SUSPICIOUS_MOVE = YES;
				CLANG_WARN_UNREACHABLE_CODE = YES;
				CLANG_WARN__DUPLICATE_METHOD_MATCH = YES;
				"CODE_SIGN_IDENTITY[sdk=iphoneos*]" = "iPhone Developer";
				CODE_SIGN_STYLE = Manual;
				COPY_PHASE_STRIP = NO;
				DEBUG_INFORMATION_FORMAT = "dwarf-with-dsym";
				ENABLE_NS_ASSERTIONS = NO;
				ENABLE_STRICT_OBJC_MSGSEND = YES;
				GCC_C_LANGUAGE_STANDARD = gnu99;
				GCC_NO_COMMON_BLOCKS = YES;
				GCC_WARN_64_TO_32_BIT_CONVERSION = YES;
				GCC_WARN_ABOUT_RETURN_TYPE = YES_ERROR;
				GCC_WARN_UNDECLARED_SELECTOR = YES;
				GCC_WARN_UNINITIALIZED_AUTOS = YES_AGGRESSIVE;
				GCC_WARN_UNUSED_FUNCTION = YES;
				GCC_WARN_UNUSED_VARIABLE = YES;
				IPHONEOS_DEPLOYMENT_TARGET = 13.0;
				MTL_ENABLE_DEBUG_INFO = NO;
				SDKROOT = iphoneos;
				SWIFT_COMPILATION_MODE = wholemodule;
				TARGETED_DEVICE_FAMILY = "1,2";
				VALIDATE_PRODUCT = YES;
			};
			name = "Release-stable";
		};
		2421A20F237591D100BBE6C8 /* Release-stable */ = {
			isa = XCBuildConfiguration;
			baseConfigurationReference = 2421A2112375966400BBE6C8 /* Release-stable.xcconfig */;
			buildSettings = {
				ALWAYS_EMBED_SWIFT_STANDARD_LIBRARIES = "$(inherited)";
				ASSETCATALOG_COMPILER_APPICON_NAME = AppIcon;
				BUNDLE_DISPLAY_NAME = "${PRODUCT_BUNDLE_DISPLAY_NAME}";
				CLANG_ENABLE_MODULES = YES;
				CLANG_WARN_DOCUMENTATION_COMMENTS = NO;
				CODE_SIGN_ENTITLEMENTS = "OX Coi/Runner.entitlements";
				CODE_SIGN_IDENTITY = "Apple Development";
				CODE_SIGN_STYLE = Automatic;
				CURRENT_PROJECT_VERSION = "$(FLUTTER_BUILD_NUMBER)";
				DEVELOPMENT_TEAM = 267G7KX6FQ;
				ENABLE_BITCODE = NO;
				FLUTTER_BUNDLE_DISPLAY_NAME = "${FLUTTER_BUNDLE_DISPLAY_NAME}";
				FRAMEWORK_SEARCH_PATHS = (
					"$(inherited)",
					"$(PROJECT_DIR)/Flutter",
				);
				INFOPLIST_FILE = "$(SRCROOT)/OX Coi/Info.plist";
				IPHONEOS_DEPLOYMENT_TARGET = 13.0;
				LD_RUNPATH_SEARCH_PATHS = (
					"$(inherited)",
					"@executable_path/Frameworks",
				);
				LIBRARY_SEARCH_PATHS = (
					"$(inherited)",
					"$(PROJECT_DIR)/Flutter",
				);
				MARKETING_VERSION = "$(FLUTTER_BUILD_NAME)";
				OTHER_LDFLAGS = (
					"$(inherited)",
					"-ObjC",
					"-l\"c++\"",
					"-l\"sqlite3\"",
					"-l\"z\"",
					"-framework",
					"\"AVFoundation\"",
					"-framework",
					"\"Accelerate\"",
					"-framework",
					"\"BarcodeDetector\"",
					"-framework",
					"\"CoreGraphics\"",
					"-framework",
					"\"CoreImage\"",
					"-framework",
					"\"CoreMedia\"",
					"-framework",
					"\"CoreTelephony\"",
					"-framework",
					"\"CoreVideo\"",
					"-framework",
					"\"FBLPromises\"",
					"-framework",
					"\"FIRAnalyticsConnector\"",
					"-framework",
					"\"FMDB\"",
					"-framework",
					"\"FirebaseAnalytics\"",
					"-framework",
					"\"FirebaseCore\"",
					"-framework",
					"\"FirebaseCoreDiagnostics\"",
					"-framework",
					"\"FirebaseInstallations\"",
					"-framework",
					"\"FirebaseInstanceID\"",
					"-framework",
					"\"FirebaseMessaging\"",
					"-framework",
					"\"Flutter\"",
					"-framework",
					"\"Foundation\"",
					"-framework",
					"\"GTMSessionFetcher\"",
					"-framework",
					"\"GoogleAppMeasurement\"",
					"-framework",
					"\"GoogleDataTransport\"",
					"-framework",
					"\"GoogleDataTransportCCTSupport\"",
					"-framework",
					"\"GoogleMobileVision\"",
					"-framework",
					"\"GoogleToolboxForMac\"",
					"-framework",
					"\"GoogleUtilities\"",
					"-framework",
					"\"InputBarAccessoryView\"",
					"-framework",
					"\"LocalAuthentication\"",
					"-framework",
					"\"MessageKit\"",
					"-framework",
					"\"Security\"",
					"-framework",
					"\"StoreKit\"",
					"-framework",
					"\"SwiftyBeaver\"",
					"-framework",
					"\"SystemConfiguration\"",
					"-framework",
					"\"TOCropViewController\"",
					"-framework",
					"\"UIKit\"",
					"-framework",
					"\"app_settings\"",
					"-framework",
					"\"background_fetch\"",
					"-framework",
					"\"contacts_service\"",
					"-framework",
					"\"delta_chat_core\"",
					"-framework",
					"\"device_info\"",
					"-framework",
					"\"file_picker\"",
					"-framework",
					"\"firebase_messaging\"",
					"-framework",
					"\"flutter_local_notifications\"",
					"-framework",
					"\"flutter_plugin_android_lifecycle\"",
					"-framework",
					"\"flutter_sound\"",
					"-framework",
					"\"fluttertoast\"",
					"-framework",
					"\"image_cropper\"",
					"-framework",
					"\"image_picker\"",
					"-framework",
					"\"libwebp\"",
					"-framework",
					"\"nanopb\"",
					"-framework",
					"\"native_device_orientation\"",
					"-framework",
					"\"open_file\"",
					"-framework",
					"\"package_info\"",
					"-framework",
					"\"path_provider\"",
					"-framework",
					"\"permission_handler\"",
					"-framework",
					"\"protobuf\"",
					"-framework",
					"\"qr_mobile_vision\"",
					"-framework",
					"\"shared_preferences\"",
					"-framework",
					"\"sqflite\"",
					"-framework",
					"\"url_launcher\"",
					"-framework",
					"\"vibrate\"",
					"-framework",
					"\"video_player\"",
					"-framework",
					"\"video_thumbnail\"",
					"-weak_framework",
					"\"UserNotifications\"",
					"-framework",
					Flutter,
				);
				PRODUCT_BUNDLE_IDENTIFIER = "${PRODUCT_BUNDLE_IDENTIFIER}";
				PRODUCT_NAME = "${PRODUCT_NAME}";
				PROVISIONING_PROFILE_SPECIFIER = "";
				SWIFT_COMPILATION_MODE = wholemodule;
				SWIFT_OBJC_BRIDGING_HEADER = "OX Coi/Application/Runner-Bridging-Header.h";
				SWIFT_VERSION = 5.0;
				TARGETED_DEVICE_FAMILY = "1,2";
				VERSIONING_SYSTEM = "apple-generic";
			};
			name = "Release-stable";
		};
		24D64F4723798719004B1B36 /* Release-development */ = {
			isa = XCBuildConfiguration;
			baseConfigurationReference = FD8644DB23E097F100A25158 /* Release-development.xcconfig */;
			buildSettings = {
				ALWAYS_SEARCH_USER_PATHS = NO;
				CLANG_ANALYZER_LOCALIZABILITY_NONLOCALIZED = YES;
				CLANG_ANALYZER_NONNULL = YES;
				CLANG_CXX_LANGUAGE_STANDARD = "gnu++0x";
				CLANG_CXX_LIBRARY = "libc++";
				CLANG_ENABLE_MODULES = YES;
				CLANG_ENABLE_OBJC_ARC = YES;
				CLANG_WARN_BLOCK_CAPTURE_AUTORELEASING = YES;
				CLANG_WARN_BOOL_CONVERSION = YES;
				CLANG_WARN_COMMA = YES;
				CLANG_WARN_CONSTANT_CONVERSION = YES;
				CLANG_WARN_DEPRECATED_OBJC_IMPLEMENTATIONS = YES;
				CLANG_WARN_DIRECT_OBJC_ISA_USAGE = YES_ERROR;
				CLANG_WARN_EMPTY_BODY = YES;
				CLANG_WARN_ENUM_CONVERSION = YES;
				CLANG_WARN_INFINITE_RECURSION = YES;
				CLANG_WARN_INT_CONVERSION = YES;
				CLANG_WARN_NON_LITERAL_NULL_CONVERSION = YES;
				CLANG_WARN_OBJC_IMPLICIT_RETAIN_SELF = YES;
				CLANG_WARN_OBJC_LITERAL_CONVERSION = YES;
				CLANG_WARN_OBJC_ROOT_CLASS = YES_ERROR;
				CLANG_WARN_RANGE_LOOP_ANALYSIS = YES;
				CLANG_WARN_STRICT_PROTOTYPES = YES;
				CLANG_WARN_SUSPICIOUS_MOVE = YES;
				CLANG_WARN_UNREACHABLE_CODE = YES;
				CLANG_WARN__DUPLICATE_METHOD_MATCH = YES;
				CODE_SIGN_IDENTITY = "Apple Development";
				"CODE_SIGN_IDENTITY[sdk=iphoneos*]" = "iPhone Developer: iOS Developer (G8Y6CF25ZP)";
				CODE_SIGN_STYLE = Manual;
				COPY_PHASE_STRIP = NO;
				DEBUG_INFORMATION_FORMAT = "dwarf-with-dsym";
				ENABLE_NS_ASSERTIONS = NO;
				ENABLE_STRICT_OBJC_MSGSEND = YES;
				GCC_C_LANGUAGE_STANDARD = gnu99;
				GCC_NO_COMMON_BLOCKS = YES;
				GCC_WARN_64_TO_32_BIT_CONVERSION = YES;
				GCC_WARN_ABOUT_RETURN_TYPE = YES_ERROR;
				GCC_WARN_UNDECLARED_SELECTOR = YES;
				GCC_WARN_UNINITIALIZED_AUTOS = YES_AGGRESSIVE;
				GCC_WARN_UNUSED_FUNCTION = YES;
				GCC_WARN_UNUSED_VARIABLE = YES;
				IPHONEOS_DEPLOYMENT_TARGET = 13.0;
				MTL_ENABLE_DEBUG_INFO = NO;
				SDKROOT = iphoneos;
				SWIFT_COMPILATION_MODE = wholemodule;
				TARGETED_DEVICE_FAMILY = "1,2";
				VALIDATE_PRODUCT = YES;
			};
			name = "Release-development";
		};
		24D64F4823798719004B1B36 /* Release-development */ = {
			isa = XCBuildConfiguration;
			baseConfigurationReference = FD8644DB23E097F100A25158 /* Release-development.xcconfig */;
			buildSettings = {
				ALWAYS_EMBED_SWIFT_STANDARD_LIBRARIES = "$(inherited)";
				ASSETCATALOG_COMPILER_APPICON_NAME = AppIcon;
				BUNDLE_DISPLAY_NAME = "${PRODUCT_BUNDLE_DISPLAY_NAME}";
				CLANG_ENABLE_MODULES = YES;
				CLANG_WARN_DOCUMENTATION_COMMENTS = NO;
				CODE_SIGN_ENTITLEMENTS = "Runner/RunnerRelease-development.entitlements";
				CODE_SIGN_IDENTITY = "Apple Development";
				"CODE_SIGN_IDENTITY[sdk=iphoneos*]" = "Apple Development";
				CODE_SIGN_STYLE = Automatic;
				CURRENT_PROJECT_VERSION = "$(FLUTTER_BUILD_NUMBER)";
				DEVELOPMENT_TEAM = 528HQ38877;
				ENABLE_BITCODE = NO;
				FLUTTER_BUNDLE_DISPLAY_NAME = "${FLUTTER_BUNDLE_DISPLAY_NAME}";
				FRAMEWORK_SEARCH_PATHS = (
					"$(inherited)",
					"$(PROJECT_DIR)/Flutter",
				);
				INFOPLIST_FILE = "$(SRCROOT)/OX Coi/Info.plist";
				IPHONEOS_DEPLOYMENT_TARGET = 13.0;
				LD_RUNPATH_SEARCH_PATHS = (
					"$(inherited)",
					"@executable_path/Frameworks",
				);
				LIBRARY_SEARCH_PATHS = (
					"$(inherited)",
					"$(PROJECT_DIR)/Flutter",
				);
				MARKETING_VERSION = "$(FLUTTER_BUILD_NAME)";
				OTHER_LDFLAGS = (
					"$(inherited)",
					"-ObjC",
					"-l\"c++\"",
					"-l\"sqlite3\"",
					"-l\"z\"",
					"-framework",
					"\"AVFoundation\"",
					"-framework",
					"\"Accelerate\"",
					"-framework",
					"\"BarcodeDetector\"",
					"-framework",
					"\"CoreGraphics\"",
					"-framework",
					"\"CoreImage\"",
					"-framework",
					"\"CoreMedia\"",
					"-framework",
					"\"CoreTelephony\"",
					"-framework",
					"\"CoreVideo\"",
					"-framework",
					"\"FBLPromises\"",
					"-framework",
					"\"FIRAnalyticsConnector\"",
					"-framework",
					"\"FMDB\"",
					"-framework",
					"\"FirebaseAnalytics\"",
					"-framework",
					"\"FirebaseCore\"",
					"-framework",
					"\"FirebaseCoreDiagnostics\"",
					"-framework",
					"\"FirebaseInstallations\"",
					"-framework",
					"\"FirebaseInstanceID\"",
					"-framework",
					"\"FirebaseMessaging\"",
					"-framework",
					"\"Flutter\"",
					"-framework",
					"\"Foundation\"",
					"-framework",
					"\"GTMSessionFetcher\"",
					"-framework",
					"\"GoogleAppMeasurement\"",
					"-framework",
					"\"GoogleDataTransport\"",
					"-framework",
					"\"GoogleDataTransportCCTSupport\"",
					"-framework",
					"\"GoogleMobileVision\"",
					"-framework",
					"\"GoogleToolboxForMac\"",
					"-framework",
					"\"GoogleUtilities\"",
					"-framework",
					"\"InputBarAccessoryView\"",
					"-framework",
					"\"LocalAuthentication\"",
					"-framework",
					"\"MessageKit\"",
					"-framework",
					"\"Security\"",
					"-framework",
					"\"StoreKit\"",
					"-framework",
					"\"SwiftyBeaver\"",
					"-framework",
					"\"SystemConfiguration\"",
					"-framework",
					"\"TOCropViewController\"",
					"-framework",
					"\"UIKit\"",
					"-framework",
					"\"app_settings\"",
					"-framework",
					"\"background_fetch\"",
					"-framework",
					"\"contacts_service\"",
					"-framework",
					"\"delta_chat_core\"",
					"-framework",
					"\"device_info\"",
					"-framework",
					"\"file_picker\"",
					"-framework",
					"\"firebase_messaging\"",
					"-framework",
					"\"flutter_local_notifications\"",
					"-framework",
					"\"flutter_plugin_android_lifecycle\"",
					"-framework",
					"\"flutter_sound\"",
					"-framework",
					"\"fluttertoast\"",
					"-framework",
					"\"image_cropper\"",
					"-framework",
					"\"image_picker\"",
					"-framework",
					"\"libwebp\"",
					"-framework",
					"\"nanopb\"",
					"-framework",
					"\"native_device_orientation\"",
					"-framework",
					"\"open_file\"",
					"-framework",
					"\"package_info\"",
					"-framework",
					"\"path_provider\"",
					"-framework",
					"\"permission_handler\"",
					"-framework",
					"\"protobuf\"",
					"-framework",
					"\"qr_mobile_vision\"",
					"-framework",
					"\"shared_preferences\"",
					"-framework",
					"\"sqflite\"",
					"-framework",
					"\"url_launcher\"",
					"-framework",
					"\"vibrate\"",
					"-framework",
					"\"video_player\"",
					"-framework",
					"\"video_thumbnail\"",
					"-weak_framework",
					"\"UserNotifications\"",
					"-framework",
					Flutter,
				);
				PRODUCT_BUNDLE_IDENTIFIER = com.openxchange.oxcoi.dev;
				PRODUCT_NAME = "${PRODUCT_NAME}";
				PROVISIONING_PROFILE_SPECIFIER = "";
				SWIFT_COMPILATION_MODE = wholemodule;
				SWIFT_OBJC_BRIDGING_HEADER = "OX Coi/Application/Runner-Bridging-Header.h";
				SWIFT_VERSION = 5.0;
				TARGETED_DEVICE_FAMILY = "1,2";
				VERSIONING_SYSTEM = "apple-generic";
			};
			name = "Release-development";
		};
		64B6D5BB2449CC38001C73DE /* Debug-development */ = {
			isa = XCBuildConfiguration;
			buildSettings = {
				ALWAYS_SEARCH_USER_PATHS = NO;
				APPLICATION_EXTENSION_API_ONLY = NO;
				CLANG_ANALYZER_NONNULL = YES;
				CLANG_ANALYZER_NUMBER_OBJECT_CONVERSION = YES_AGGRESSIVE;
				CLANG_CXX_LANGUAGE_STANDARD = "gnu++14";
				CLANG_CXX_LIBRARY = "libc++";
				CLANG_ENABLE_MODULES = YES;
				CLANG_ENABLE_OBJC_ARC = YES;
				CLANG_ENABLE_OBJC_WEAK = YES;
				CLANG_WARN_BLOCK_CAPTURE_AUTORELEASING = YES;
				CLANG_WARN_BOOL_CONVERSION = YES;
				CLANG_WARN_COMMA = YES;
				CLANG_WARN_CONSTANT_CONVERSION = YES;
				CLANG_WARN_DEPRECATED_OBJC_IMPLEMENTATIONS = YES;
				CLANG_WARN_DIRECT_OBJC_ISA_USAGE = YES_ERROR;
				CLANG_WARN_DOCUMENTATION_COMMENTS = YES;
				CLANG_WARN_EMPTY_BODY = YES;
				CLANG_WARN_ENUM_CONVERSION = YES;
				CLANG_WARN_INFINITE_RECURSION = YES;
				CLANG_WARN_INT_CONVERSION = YES;
				CLANG_WARN_NON_LITERAL_NULL_CONVERSION = YES;
				CLANG_WARN_OBJC_IMPLICIT_RETAIN_SELF = YES;
				CLANG_WARN_OBJC_LITERAL_CONVERSION = YES;
				CLANG_WARN_OBJC_ROOT_CLASS = YES_ERROR;
				CLANG_WARN_RANGE_LOOP_ANALYSIS = YES;
				CLANG_WARN_STRICT_PROTOTYPES = YES;
				CLANG_WARN_SUSPICIOUS_MOVE = YES;
				CLANG_WARN_UNGUARDED_AVAILABILITY = YES_AGGRESSIVE;
				CLANG_WARN_UNREACHABLE_CODE = YES;
				CLANG_WARN__DUPLICATE_METHOD_MATCH = YES;
				CODE_SIGN_ENTITLEMENTS = "CoiSharing/CoiSharingDebug-development.entitlements";
				CODE_SIGN_IDENTITY = "Apple Development";
				CODE_SIGN_STYLE = Automatic;
				COPY_PHASE_STRIP = NO;
				DEBUG_INFORMATION_FORMAT = dwarf;
				DEVELOPMENT_TEAM = 528HQ38877;
				ENABLE_BITCODE = NO;
				ENABLE_STRICT_OBJC_MSGSEND = YES;
				ENABLE_TESTABILITY = YES;
				GCC_C_LANGUAGE_STANDARD = gnu11;
				GCC_DYNAMIC_NO_PIC = NO;
				GCC_NO_COMMON_BLOCKS = YES;
				GCC_OPTIMIZATION_LEVEL = 0;
				GCC_PREPROCESSOR_DEFINITIONS = (
					"DEBUG=1",
					"$(inherited)",
				);
				GCC_WARN_64_TO_32_BIT_CONVERSION = YES;
				GCC_WARN_ABOUT_RETURN_TYPE = YES_ERROR;
				GCC_WARN_UNDECLARED_SELECTOR = YES;
				GCC_WARN_UNINITIALIZED_AUTOS = YES_AGGRESSIVE;
				GCC_WARN_UNUSED_FUNCTION = YES;
				GCC_WARN_UNUSED_VARIABLE = YES;
				INFOPLIST_FILE = CoiSharing/Info.plist;
				IPHONEOS_DEPLOYMENT_TARGET = 13.0;
				LD_RUNPATH_SEARCH_PATHS = (
					"$(inherited)",
					"@executable_path/Frameworks",
					"@executable_path/../../Frameworks",
				);
				MTL_ENABLE_DEBUG_INFO = INCLUDE_SOURCE;
				MTL_FAST_MATH = YES;
				ONLY_ACTIVE_ARCH = YES;
				PRODUCT_BUNDLE_IDENTIFIER = com.openxchange.oxcoi.dev.sharing;
				PRODUCT_NAME = "$(TARGET_NAME)";
				PROVISIONING_PROFILE_SPECIFIER = "";
				SDKROOT = iphoneos;
				SKIP_INSTALL = YES;
				SWIFT_ACTIVE_COMPILATION_CONDITIONS = DEBUG;
				SWIFT_OPTIMIZATION_LEVEL = "-Onone";
				SWIFT_VERSION = 5.0;
				TARGETED_DEVICE_FAMILY = "1,2";
			};
			name = "Debug-development";
		};
		64B6D5BC2449CC38001C73DE /* Release-development */ = {
			isa = XCBuildConfiguration;
			buildSettings = {
				ALWAYS_SEARCH_USER_PATHS = NO;
				APPLICATION_EXTENSION_API_ONLY = NO;
				CLANG_ANALYZER_NONNULL = YES;
				CLANG_ANALYZER_NUMBER_OBJECT_CONVERSION = YES_AGGRESSIVE;
				CLANG_CXX_LANGUAGE_STANDARD = "gnu++14";
				CLANG_CXX_LIBRARY = "libc++";
				CLANG_ENABLE_MODULES = YES;
				CLANG_ENABLE_OBJC_ARC = YES;
				CLANG_ENABLE_OBJC_WEAK = YES;
				CLANG_WARN_BLOCK_CAPTURE_AUTORELEASING = YES;
				CLANG_WARN_BOOL_CONVERSION = YES;
				CLANG_WARN_COMMA = YES;
				CLANG_WARN_CONSTANT_CONVERSION = YES;
				CLANG_WARN_DEPRECATED_OBJC_IMPLEMENTATIONS = YES;
				CLANG_WARN_DIRECT_OBJC_ISA_USAGE = YES_ERROR;
				CLANG_WARN_DOCUMENTATION_COMMENTS = YES;
				CLANG_WARN_EMPTY_BODY = YES;
				CLANG_WARN_ENUM_CONVERSION = YES;
				CLANG_WARN_INFINITE_RECURSION = YES;
				CLANG_WARN_INT_CONVERSION = YES;
				CLANG_WARN_NON_LITERAL_NULL_CONVERSION = YES;
				CLANG_WARN_OBJC_IMPLICIT_RETAIN_SELF = YES;
				CLANG_WARN_OBJC_LITERAL_CONVERSION = YES;
				CLANG_WARN_OBJC_ROOT_CLASS = YES_ERROR;
				CLANG_WARN_RANGE_LOOP_ANALYSIS = YES;
				CLANG_WARN_STRICT_PROTOTYPES = YES;
				CLANG_WARN_SUSPICIOUS_MOVE = YES;
				CLANG_WARN_UNGUARDED_AVAILABILITY = YES_AGGRESSIVE;
				CLANG_WARN_UNREACHABLE_CODE = YES;
				CLANG_WARN__DUPLICATE_METHOD_MATCH = YES;
				CODE_SIGN_ENTITLEMENTS = "CoiSharing/CoiSharingRelease-development.entitlements";
				CODE_SIGN_IDENTITY = "Apple Development";
				"CODE_SIGN_IDENTITY[sdk=iphoneos*]" = "iPhone Developer";
				CODE_SIGN_STYLE = Automatic;
				COPY_PHASE_STRIP = NO;
				DEBUG_INFORMATION_FORMAT = "dwarf-with-dsym";
				DEVELOPMENT_TEAM = 528HQ38877;
				ENABLE_BITCODE = NO;
				ENABLE_NS_ASSERTIONS = NO;
				ENABLE_STRICT_OBJC_MSGSEND = YES;
				GCC_C_LANGUAGE_STANDARD = gnu11;
				GCC_NO_COMMON_BLOCKS = YES;
				GCC_WARN_64_TO_32_BIT_CONVERSION = YES;
				GCC_WARN_ABOUT_RETURN_TYPE = YES_ERROR;
				GCC_WARN_UNDECLARED_SELECTOR = YES;
				GCC_WARN_UNINITIALIZED_AUTOS = YES_AGGRESSIVE;
				GCC_WARN_UNUSED_FUNCTION = YES;
				GCC_WARN_UNUSED_VARIABLE = YES;
				INFOPLIST_FILE = CoiSharing/Info.plist;
				IPHONEOS_DEPLOYMENT_TARGET = 13.0;
				LD_RUNPATH_SEARCH_PATHS = (
					"$(inherited)",
					"@executable_path/Frameworks",
					"@executable_path/../../Frameworks",
				);
				MTL_ENABLE_DEBUG_INFO = NO;
				MTL_FAST_MATH = YES;
				PRODUCT_BUNDLE_IDENTIFIER = com.openxchange.oxcoi.dev.sharing;
				PRODUCT_NAME = "$(TARGET_NAME)";
				PROVISIONING_PROFILE_SPECIFIER = "";
				SDKROOT = iphoneos;
				SKIP_INSTALL = YES;
				SWIFT_COMPILATION_MODE = wholemodule;
				SWIFT_OPTIMIZATION_LEVEL = "-O";
				SWIFT_VERSION = 5.0;
				TARGETED_DEVICE_FAMILY = "1,2";
				VALIDATE_PRODUCT = YES;
			};
			name = "Release-development";
		};
		64B6D5BD2449CC38001C73DE /* Release-stable */ = {
			isa = XCBuildConfiguration;
			buildSettings = {
				ALWAYS_SEARCH_USER_PATHS = NO;
				APPLICATION_EXTENSION_API_ONLY = NO;
				CLANG_ANALYZER_NONNULL = YES;
				CLANG_ANALYZER_NUMBER_OBJECT_CONVERSION = YES_AGGRESSIVE;
				CLANG_CXX_LANGUAGE_STANDARD = "gnu++14";
				CLANG_CXX_LIBRARY = "libc++";
				CLANG_ENABLE_MODULES = YES;
				CLANG_ENABLE_OBJC_ARC = YES;
				CLANG_ENABLE_OBJC_WEAK = YES;
				CLANG_WARN_BLOCK_CAPTURE_AUTORELEASING = YES;
				CLANG_WARN_BOOL_CONVERSION = YES;
				CLANG_WARN_COMMA = YES;
				CLANG_WARN_CONSTANT_CONVERSION = YES;
				CLANG_WARN_DEPRECATED_OBJC_IMPLEMENTATIONS = YES;
				CLANG_WARN_DIRECT_OBJC_ISA_USAGE = YES_ERROR;
				CLANG_WARN_DOCUMENTATION_COMMENTS = YES;
				CLANG_WARN_EMPTY_BODY = YES;
				CLANG_WARN_ENUM_CONVERSION = YES;
				CLANG_WARN_INFINITE_RECURSION = YES;
				CLANG_WARN_INT_CONVERSION = YES;
				CLANG_WARN_NON_LITERAL_NULL_CONVERSION = YES;
				CLANG_WARN_OBJC_IMPLICIT_RETAIN_SELF = YES;
				CLANG_WARN_OBJC_LITERAL_CONVERSION = YES;
				CLANG_WARN_OBJC_ROOT_CLASS = YES_ERROR;
				CLANG_WARN_RANGE_LOOP_ANALYSIS = YES;
				CLANG_WARN_STRICT_PROTOTYPES = YES;
				CLANG_WARN_SUSPICIOUS_MOVE = YES;
				CLANG_WARN_UNGUARDED_AVAILABILITY = YES_AGGRESSIVE;
				CLANG_WARN_UNREACHABLE_CODE = YES;
				CLANG_WARN__DUPLICATE_METHOD_MATCH = YES;
				CODE_SIGN_IDENTITY = "Apple Development";
				CODE_SIGN_STYLE = Automatic;
				COPY_PHASE_STRIP = NO;
				DEBUG_INFORMATION_FORMAT = "dwarf-with-dsym";
				DEVELOPMENT_TEAM = 267G7KX6FQ;
				ENABLE_BITCODE = NO;
				ENABLE_NS_ASSERTIONS = NO;
				ENABLE_STRICT_OBJC_MSGSEND = YES;
				GCC_C_LANGUAGE_STANDARD = gnu11;
				GCC_NO_COMMON_BLOCKS = YES;
				GCC_WARN_64_TO_32_BIT_CONVERSION = YES;
				GCC_WARN_ABOUT_RETURN_TYPE = YES_ERROR;
				GCC_WARN_UNDECLARED_SELECTOR = YES;
				GCC_WARN_UNINITIALIZED_AUTOS = YES_AGGRESSIVE;
				GCC_WARN_UNUSED_FUNCTION = YES;
				GCC_WARN_UNUSED_VARIABLE = YES;
				INFOPLIST_FILE = CoiSharing/Info.plist;
				IPHONEOS_DEPLOYMENT_TARGET = 13.0;
				LD_RUNPATH_SEARCH_PATHS = (
					"$(inherited)",
					"@executable_path/Frameworks",
					"@executable_path/../../Frameworks",
				);
				MTL_ENABLE_DEBUG_INFO = NO;
				MTL_FAST_MATH = YES;
				PRODUCT_BUNDLE_IDENTIFIER = com.openxchange.oxcoi.sharing;
				PRODUCT_NAME = "$(TARGET_NAME)";
				PROVISIONING_PROFILE_SPECIFIER = "";
				SDKROOT = iphoneos;
				SKIP_INSTALL = YES;
				SWIFT_COMPILATION_MODE = wholemodule;
				SWIFT_OPTIMIZATION_LEVEL = "-O";
				SWIFT_VERSION = 5.0;
				TARGETED_DEVICE_FAMILY = "1,2";
				VALIDATE_PRODUCT = YES;
			};
			name = "Release-stable";
		};
		FD0FBE0324729708002B5EB5 /* Debug-development */ = {
			isa = XCBuildConfiguration;
			baseConfigurationReference = DD35EBF3BB1F487852F715F9 /* Pods-NotificationService.debug-development.xcconfig */;
			buildSettings = {
				ALWAYS_SEARCH_USER_PATHS = NO;
				APPLICATION_EXTENSION_API_ONLY = NO;
				CLANG_ANALYZER_NONNULL = YES;
				CLANG_ANALYZER_NUMBER_OBJECT_CONVERSION = YES_AGGRESSIVE;
				CLANG_CXX_LANGUAGE_STANDARD = "gnu++14";
				CLANG_CXX_LIBRARY = "libc++";
				CLANG_ENABLE_MODULES = YES;
				CLANG_ENABLE_OBJC_ARC = YES;
				CLANG_ENABLE_OBJC_WEAK = YES;
				CLANG_WARN_BLOCK_CAPTURE_AUTORELEASING = YES;
				CLANG_WARN_BOOL_CONVERSION = YES;
				CLANG_WARN_COMMA = YES;
				CLANG_WARN_CONSTANT_CONVERSION = YES;
				CLANG_WARN_DEPRECATED_OBJC_IMPLEMENTATIONS = YES;
				CLANG_WARN_DIRECT_OBJC_ISA_USAGE = YES_ERROR;
				CLANG_WARN_DOCUMENTATION_COMMENTS = YES;
				CLANG_WARN_EMPTY_BODY = YES;
				CLANG_WARN_ENUM_CONVERSION = YES;
				CLANG_WARN_INFINITE_RECURSION = YES;
				CLANG_WARN_INT_CONVERSION = YES;
				CLANG_WARN_NON_LITERAL_NULL_CONVERSION = YES;
				CLANG_WARN_OBJC_IMPLICIT_RETAIN_SELF = YES;
				CLANG_WARN_OBJC_LITERAL_CONVERSION = YES;
				CLANG_WARN_OBJC_ROOT_CLASS = YES_ERROR;
				CLANG_WARN_RANGE_LOOP_ANALYSIS = YES;
				CLANG_WARN_STRICT_PROTOTYPES = YES;
				CLANG_WARN_SUSPICIOUS_MOVE = YES;
				CLANG_WARN_UNGUARDED_AVAILABILITY = YES_AGGRESSIVE;
				CLANG_WARN_UNREACHABLE_CODE = YES;
				CLANG_WARN__DUPLICATE_METHOD_MATCH = YES;
				CODE_SIGN_IDENTITY = "Apple Development";
				CODE_SIGN_STYLE = Automatic;
				COPY_PHASE_STRIP = NO;
				DEBUG_INFORMATION_FORMAT = dwarf;
				DEVELOPMENT_TEAM = 528HQ38877;
				ENABLE_BITCODE = NO;
				ENABLE_STRICT_OBJC_MSGSEND = YES;
				ENABLE_TESTABILITY = YES;
				GCC_C_LANGUAGE_STANDARD = gnu11;
				GCC_DYNAMIC_NO_PIC = NO;
				GCC_NO_COMMON_BLOCKS = YES;
				GCC_OPTIMIZATION_LEVEL = 0;
				GCC_PREPROCESSOR_DEFINITIONS = (
					"DEBUG=1",
					"$(inherited)",
				);
				GCC_WARN_64_TO_32_BIT_CONVERSION = YES;
				GCC_WARN_ABOUT_RETURN_TYPE = YES_ERROR;
				GCC_WARN_UNDECLARED_SELECTOR = YES;
				GCC_WARN_UNINITIALIZED_AUTOS = YES_AGGRESSIVE;
				GCC_WARN_UNUSED_FUNCTION = YES;
				GCC_WARN_UNUSED_VARIABLE = YES;
				INFOPLIST_FILE = NotificationService/Info.plist;
				IPHONEOS_DEPLOYMENT_TARGET = 13.0;
				LD_RUNPATH_SEARCH_PATHS = (
					"$(inherited)",
					"@executable_path/Frameworks",
					"@executable_path/../../Frameworks",
				);
				MTL_ENABLE_DEBUG_INFO = INCLUDE_SOURCE;
				MTL_FAST_MATH = YES;
				ONLY_ACTIVE_ARCH = YES;
				PRODUCT_BUNDLE_IDENTIFIER = com.openxchange.oxcoi.dev.NotificationService;
				PRODUCT_NAME = "$(TARGET_NAME)";
				SDKROOT = iphoneos;
				SKIP_INSTALL = YES;
				SWIFT_ACTIVE_COMPILATION_CONDITIONS = DEBUG;
				SWIFT_OPTIMIZATION_LEVEL = "-Onone";
				SWIFT_VERSION = 5.0;
				TARGETED_DEVICE_FAMILY = "1,2";
			};
			name = "Debug-development";
		};
		FD0FBE0424729708002B5EB5 /* Release-development */ = {
			isa = XCBuildConfiguration;
			baseConfigurationReference = B7774FABB905B849FEB3BEF5 /* Pods-NotificationService.release-development.xcconfig */;
			buildSettings = {
				ALWAYS_SEARCH_USER_PATHS = NO;
				APPLICATION_EXTENSION_API_ONLY = NO;
				CLANG_ANALYZER_NONNULL = YES;
				CLANG_ANALYZER_NUMBER_OBJECT_CONVERSION = YES_AGGRESSIVE;
				CLANG_CXX_LANGUAGE_STANDARD = "gnu++14";
				CLANG_CXX_LIBRARY = "libc++";
				CLANG_ENABLE_MODULES = YES;
				CLANG_ENABLE_OBJC_ARC = YES;
				CLANG_ENABLE_OBJC_WEAK = YES;
				CLANG_WARN_BLOCK_CAPTURE_AUTORELEASING = YES;
				CLANG_WARN_BOOL_CONVERSION = YES;
				CLANG_WARN_COMMA = YES;
				CLANG_WARN_CONSTANT_CONVERSION = YES;
				CLANG_WARN_DEPRECATED_OBJC_IMPLEMENTATIONS = YES;
				CLANG_WARN_DIRECT_OBJC_ISA_USAGE = YES_ERROR;
				CLANG_WARN_DOCUMENTATION_COMMENTS = YES;
				CLANG_WARN_EMPTY_BODY = YES;
				CLANG_WARN_ENUM_CONVERSION = YES;
				CLANG_WARN_INFINITE_RECURSION = YES;
				CLANG_WARN_INT_CONVERSION = YES;
				CLANG_WARN_NON_LITERAL_NULL_CONVERSION = YES;
				CLANG_WARN_OBJC_IMPLICIT_RETAIN_SELF = YES;
				CLANG_WARN_OBJC_LITERAL_CONVERSION = YES;
				CLANG_WARN_OBJC_ROOT_CLASS = YES_ERROR;
				CLANG_WARN_RANGE_LOOP_ANALYSIS = YES;
				CLANG_WARN_STRICT_PROTOTYPES = YES;
				CLANG_WARN_SUSPICIOUS_MOVE = YES;
				CLANG_WARN_UNGUARDED_AVAILABILITY = YES_AGGRESSIVE;
				CLANG_WARN_UNREACHABLE_CODE = YES;
				CLANG_WARN__DUPLICATE_METHOD_MATCH = YES;
				CODE_SIGN_IDENTITY = "Apple Development";
				"CODE_SIGN_IDENTITY[sdk=iphoneos*]" = "Apple Development";
				CODE_SIGN_STYLE = Automatic;
				COPY_PHASE_STRIP = NO;
				DEBUG_INFORMATION_FORMAT = "dwarf-with-dsym";
				DEVELOPMENT_TEAM = 528HQ38877;
				ENABLE_BITCODE = NO;
				ENABLE_NS_ASSERTIONS = NO;
				ENABLE_STRICT_OBJC_MSGSEND = YES;
				GCC_C_LANGUAGE_STANDARD = gnu11;
				GCC_NO_COMMON_BLOCKS = YES;
				GCC_WARN_64_TO_32_BIT_CONVERSION = YES;
				GCC_WARN_ABOUT_RETURN_TYPE = YES_ERROR;
				GCC_WARN_UNDECLARED_SELECTOR = YES;
				GCC_WARN_UNINITIALIZED_AUTOS = YES_AGGRESSIVE;
				GCC_WARN_UNUSED_FUNCTION = YES;
				GCC_WARN_UNUSED_VARIABLE = YES;
				INFOPLIST_FILE = NotificationService/Info.plist;
				IPHONEOS_DEPLOYMENT_TARGET = 13.0;
				LD_RUNPATH_SEARCH_PATHS = (
					"$(inherited)",
					"@executable_path/Frameworks",
					"@executable_path/../../Frameworks",
				);
				MTL_ENABLE_DEBUG_INFO = NO;
				MTL_FAST_MATH = YES;
				PRODUCT_BUNDLE_IDENTIFIER = com.openxchange.oxcoi.dev.NotificationService;
				PRODUCT_NAME = "$(TARGET_NAME)";
				SDKROOT = iphoneos;
				SKIP_INSTALL = YES;
				SWIFT_COMPILATION_MODE = wholemodule;
				SWIFT_OPTIMIZATION_LEVEL = "-O";
				SWIFT_VERSION = 5.0;
				TARGETED_DEVICE_FAMILY = "1,2";
				VALIDATE_PRODUCT = YES;
			};
			name = "Release-development";
		};
		FD0FBE0524729708002B5EB5 /* Release-stable */ = {
			isa = XCBuildConfiguration;
			baseConfigurationReference = A12B80A93EA4641880AFD3D0 /* Pods-NotificationService.release-stable.xcconfig */;
			buildSettings = {
				ALWAYS_SEARCH_USER_PATHS = NO;
				APPLICATION_EXTENSION_API_ONLY = NO;
				CLANG_ANALYZER_NONNULL = YES;
				CLANG_ANALYZER_NUMBER_OBJECT_CONVERSION = YES_AGGRESSIVE;
				CLANG_CXX_LANGUAGE_STANDARD = "gnu++14";
				CLANG_CXX_LIBRARY = "libc++";
				CLANG_ENABLE_MODULES = YES;
				CLANG_ENABLE_OBJC_ARC = YES;
				CLANG_ENABLE_OBJC_WEAK = YES;
				CLANG_WARN_BLOCK_CAPTURE_AUTORELEASING = YES;
				CLANG_WARN_BOOL_CONVERSION = YES;
				CLANG_WARN_COMMA = YES;
				CLANG_WARN_CONSTANT_CONVERSION = YES;
				CLANG_WARN_DEPRECATED_OBJC_IMPLEMENTATIONS = YES;
				CLANG_WARN_DIRECT_OBJC_ISA_USAGE = YES_ERROR;
				CLANG_WARN_DOCUMENTATION_COMMENTS = YES;
				CLANG_WARN_EMPTY_BODY = YES;
				CLANG_WARN_ENUM_CONVERSION = YES;
				CLANG_WARN_INFINITE_RECURSION = YES;
				CLANG_WARN_INT_CONVERSION = YES;
				CLANG_WARN_NON_LITERAL_NULL_CONVERSION = YES;
				CLANG_WARN_OBJC_IMPLICIT_RETAIN_SELF = YES;
				CLANG_WARN_OBJC_LITERAL_CONVERSION = YES;
				CLANG_WARN_OBJC_ROOT_CLASS = YES_ERROR;
				CLANG_WARN_RANGE_LOOP_ANALYSIS = YES;
				CLANG_WARN_STRICT_PROTOTYPES = YES;
				CLANG_WARN_SUSPICIOUS_MOVE = YES;
				CLANG_WARN_UNGUARDED_AVAILABILITY = YES_AGGRESSIVE;
				CLANG_WARN_UNREACHABLE_CODE = YES;
				CLANG_WARN__DUPLICATE_METHOD_MATCH = YES;
				CODE_SIGN_IDENTITY = "Apple Development";
				CODE_SIGN_STYLE = Automatic;
				COPY_PHASE_STRIP = NO;
				DEBUG_INFORMATION_FORMAT = "dwarf-with-dsym";
				DEVELOPMENT_TEAM = 267G7KX6FQ;
				ENABLE_BITCODE = NO;
				ENABLE_NS_ASSERTIONS = NO;
				ENABLE_STRICT_OBJC_MSGSEND = YES;
				GCC_C_LANGUAGE_STANDARD = gnu11;
				GCC_NO_COMMON_BLOCKS = YES;
				GCC_WARN_64_TO_32_BIT_CONVERSION = YES;
				GCC_WARN_ABOUT_RETURN_TYPE = YES_ERROR;
				GCC_WARN_UNDECLARED_SELECTOR = YES;
				GCC_WARN_UNINITIALIZED_AUTOS = YES_AGGRESSIVE;
				GCC_WARN_UNUSED_FUNCTION = YES;
				GCC_WARN_UNUSED_VARIABLE = YES;
				INFOPLIST_FILE = NotificationService/Info.plist;
				IPHONEOS_DEPLOYMENT_TARGET = 13.0;
				LD_RUNPATH_SEARCH_PATHS = (
					"$(inherited)",
					"@executable_path/Frameworks",
					"@executable_path/../../Frameworks",
				);
				MTL_ENABLE_DEBUG_INFO = NO;
				MTL_FAST_MATH = YES;
				PRODUCT_BUNDLE_IDENTIFIER = com.openxchange.oxcoi.NotificationService;
				PRODUCT_NAME = "$(TARGET_NAME)";
				SDKROOT = iphoneos;
				SKIP_INSTALL = YES;
				SWIFT_COMPILATION_MODE = wholemodule;
				SWIFT_OPTIMIZATION_LEVEL = "-O";
				SWIFT_VERSION = 5.0;
				TARGETED_DEVICE_FAMILY = "1,2";
				VALIDATE_PRODUCT = YES;
			};
			name = "Release-stable";
		};
/* End XCBuildConfiguration section */

/* Begin XCConfigurationList section */
		64B6D5BE2449CC38001C73DE /* Build configuration list for PBXNativeTarget "CoiSharing" */ = {
			isa = XCConfigurationList;
			buildConfigurations = (
				64B6D5BB2449CC38001C73DE /* Debug-development */,
				64B6D5BC2449CC38001C73DE /* Release-development */,
				64B6D5BD2449CC38001C73DE /* Release-stable */,
			);
			defaultConfigurationIsVisible = 0;
			defaultConfigurationName = "Release-stable";
		};
		97C146E91CF9000F007C117D /* Build configuration list for PBXProject "Runner" */ = {
			isa = XCConfigurationList;
			buildConfigurations = (
				2421A20C2375913B00BBE6C8 /* Debug-development */,
				24D64F4723798719004B1B36 /* Release-development */,
				2421A20E237591D100BBE6C8 /* Release-stable */,
			);
			defaultConfigurationIsVisible = 0;
			defaultConfigurationName = "Release-stable";
		};
		97C147051CF9000F007C117D /* Build configuration list for PBXNativeTarget "Runner" */ = {
			isa = XCConfigurationList;
			buildConfigurations = (
				2421A20D2375913B00BBE6C8 /* Debug-development */,
				24D64F4823798719004B1B36 /* Release-development */,
				2421A20F237591D100BBE6C8 /* Release-stable */,
			);
			defaultConfigurationIsVisible = 0;
			defaultConfigurationName = "Release-stable";
		};
		FD0FBE0624729708002B5EB5 /* Build configuration list for PBXNativeTarget "NotificationService" */ = {
			isa = XCConfigurationList;
			buildConfigurations = (
				FD0FBE0324729708002B5EB5 /* Debug-development */,
				FD0FBE0424729708002B5EB5 /* Release-development */,
				FD0FBE0524729708002B5EB5 /* Release-stable */,
			);
			defaultConfigurationIsVisible = 0;
			defaultConfigurationName = "Release-stable";
		};
/* End XCConfigurationList section */
	};
	rootObject = 97C146E61CF9000F007C117D /* Project object */;
}
